
Microsoft Visual Studio Solution File, Format Version 9.00
# Visual Studio 2005
Project("{FAE04EC0-301F-11D3-BF4B-00C04F79EFBC}") = "Circuit Recognizer", "Circuit Recognizer.csproj", "{72A5EC6C-B79F-48A8-B48C-E9F9F4AFD4E1}"
	ProjectSection(WebsiteProperties) = preProject
		Debug.AspNetCompiler.Debug = "True"
		Release.AspNetCompiler.Debug = "False"
	EndProjectSection
EndProject
Project("{FAE04EC0-301F-11D3-BF4B-00C04F79EFBC}") = "ConverterXML", "..\..\Util\ConverterXML\ConverterXML.csproj", "{165389E7-414D-49BB-B958-4B521AA1D452}"
	ProjectSection(WebsiteProperties) = preProject
		Debug.AspNetCompiler.Debug = "True"
		Release.AspNetCompiler.Debug = "False"
	EndProjectSection
EndProject
Project("{FAE04EC0-301F-11D3-BF4B-00C04F79EFBC}") = "Sketch", "..\..\Util\Sketch\Sketch.csproj", "{84AE0BC9-B169-4B44-B320-4825D027BD2C}"
	ProjectSection(WebsiteProperties) = preProject
		Debug.AspNetCompiler.Debug = "True"
		Release.AspNetCompiler.Debug = "False"
	EndProjectSection
EndProject
Project("{FAE04EC0-301F-11D3-BF4B-00C04F79EFBC}") = "InkToSketch", "..\..\Util\InkToSketch\InkToSketch.csproj", "{B9EACD91-C346-4D1F-B818-949C54F031D0}"
	ProjectSection(WebsiteProperties) = preProject
		Debug.AspNetCompiler.Debug = "True"
		Release.AspNetCompiler.Debug = "False"
	EndProjectSection
EndProject
Project("{FAE04EC0-301F-11D3-BF4B-00C04F79EFBC}") = "Utilities", "..\..\Util\Utilities\Utilities\Utilities.csproj", "{7C9A72A3-E426-4312-9F31-AE340B0EF4C8}"
	ProjectSection(WebsiteProperties) = preProject
		Debug.AspNetCompiler.Debug = "True"
		Release.AspNetCompiler.Debug = "False"
	EndProjectSection
EndProject
Project("{FAE04EC0-301F-11D3-BF4B-00C04F79EFBC}") = "ConverterJnt", "..\..\Util\ConverterJnt\ConverterJnt.csproj", "{03FC5A8F-F2B7-48A5-9871-7E7B33AB3048}"
	ProjectSection(WebsiteProperties) = preProject
		Debug.AspNetCompiler.Debug = "True"
		Release.AspNetCompiler.Debug = "False"
	EndProjectSection
EndProject
Project("{FAE04EC0-301F-11D3-BF4B-00C04F79EFBC}") = "StrokeClassifier", "..\..\Recognition\StrokeClassifier\StrokeClassifier\StrokeClassifier.csproj", "{D47F3564-85FB-4222-87FF-2F6E87E11B46}"
	ProjectSection(WebsiteProperties) = preProject
		Debug.AspNetCompiler.Debug = "True"
		Release.AspNetCompiler.Debug = "False"
	EndProjectSection
EndProject
Project("{FAE04EC0-301F-11D3-BF4B-00C04F79EFBC}") = "StrokeGrouper", "..\..\Recognition\StrokeGrouper\StrokeGrouper\StrokeGrouper.csproj", "{BC4A1FAE-A157-4050-B257-F131D3AD6B9D}"
	ProjectSection(WebsiteProperties) = preProject
		Debug.AspNetCompiler.Debug = "True"
		Release.AspNetCompiler.Debug = "False"
	EndProjectSection
EndProject
Project("{FAE04EC0-301F-11D3-BF4B-00C04F79EFBC}") = "Featurefy", "..\..\Recognition\Featurefy\Featurefy.csproj", "{C2043A9A-A7CA-43AC-A4DF-318A32BCB165}"
	ProjectSection(WebsiteProperties) = preProject
		Debug.AspNetCompiler.Debug = "True"
		Release.AspNetCompiler.Debug = "False"
	EndProjectSection
EndProject
Project("{FAE04EC0-301F-11D3-BF4B-00C04F79EFBC}") = "Clusterer", "..\..\Recognition\Clusterer\Clusterer\Clusterer.csproj", "{44C2DF8C-4D4D-4E71-A89F-8E6FC7560CD7}"
	ProjectSection(WebsiteProperties) = preProject
		Debug.AspNetCompiler.Debug = "True"
		Release.AspNetCompiler.Debug = "False"
	EndProjectSection
EndProject
Project("{FAE04EC0-301F-11D3-BF4B-00C04F79EFBC}") = "Clusters", "..\..\Recognition\Clusters\Clusters\Clusters.csproj", "{7B65875C-1AC7-4A38-A5B2-7497E1ADD95A}"
	ProjectSection(WebsiteProperties) = preProject
		Debug.AspNetCompiler.Debug = "True"
		Release.AspNetCompiler.Debug = "False"
	EndProjectSection
EndProject
Project("{FAE04EC0-301F-11D3-BF4B-00C04F79EFBC}") = "ImageAligner", "..\..\Recognition\ImageAligner\ImageAligner.csproj", "{7EB7BDC8-0543-40E8-B4B6-CEC4A8B17B40}"
	ProjectSection(WebsiteProperties) = preProject
		Debug.AspNetCompiler.Debug = "True"
		Release.AspNetCompiler.Debug = "False"
	EndProjectSection
EndProject
Project("{FAE04EC0-301F-11D3-BF4B-00C04F79EFBC}") = "SketchPanel", "..\SketchPanel\SketchPanel.csproj", "{95C4EC3A-544E-4D26-BB33-70208B193F83}"
	ProjectSection(WebsiteProperties) = preProject
		Debug.AspNetCompiler.Debug = "True"
		Release.AspNetCompiler.Debug = "False"
	EndProjectSection
EndProject
Project("{FAE04EC0-301F-11D3-BF4B-00C04F79EFBC}") = "ImageRecognizerWrapper", "..\..\Recognition\ImageRecognizerWrapper\ImageRecognizerWrapper\ImageRecognizerWrapper.csproj", "{C450E3B0-FD30-4D99-8660-2069DD867048}"
	ProjectSection(WebsiteProperties) = preProject
		Debug.AspNetCompiler.Debug = "True"
		Release.AspNetCompiler.Debug = "False"
	EndProjectSection
EndProject
Project("{FAE04EC0-301F-11D3-BF4B-00C04F79EFBC}") = "DisplayManager", "..\..\Util\DisplayManager\DisplayManager.csproj", "{B20A9A31-0E43-4193-A7AB-7DBB7D1DC6BC}"
	ProjectSection(WebsiteProperties) = preProject
		Debug.AspNetCompiler.Debug = "True"
		Release.AspNetCompiler.Debug = "False"
	EndProjectSection
EndProject
Project("{FAE04EC0-301F-11D3-BF4B-00C04F79EFBC}") = "Labeler", "..\..\Util\Labeler\Labeler.csproj", "{A98A0500-F260-431C-A80E-E77FA66081AD}"
	ProjectSection(WebsiteProperties) = preProject
		Debug.AspNetCompiler.Debug = "True"
		Release.AspNetCompiler.Debug = "False"
	EndProjectSection
EndProject
Global
	GlobalSection(SolutionConfigurationPlatforms) = preSolution
		Debug|Any CPU = Debug|Any CPU
		Debug|x64 = Debug|x64
		Release|Any CPU = Release|Any CPU
		Release|x64 = Release|x64
	EndGlobalSection
	GlobalSection(ProjectConfigurationPlatforms) = postSolution
		{72A5EC6C-B79F-48A8-B48C-E9F9F4AFD4E1}.Debug|Any CPU.ActiveCfg = Debug|Any CPU
		{72A5EC6C-B79F-48A8-B48C-E9F9F4AFD4E1}.Debug|Any CPU.Build.0 = Debug|Any CPU
		{72A5EC6C-B79F-48A8-B48C-E9F9F4AFD4E1}.Debug|x64.ActiveCfg = Debug|Any CPU
		{72A5EC6C-B79F-48A8-B48C-E9F9F4AFD4E1}.Release|Any CPU.ActiveCfg = Release|Any CPU
		{72A5EC6C-B79F-48A8-B48C-E9F9F4AFD4E1}.Release|Any CPU.Build.0 = Release|Any CPU
		{72A5EC6C-B79F-48A8-B48C-E9F9F4AFD4E1}.Release|x64.ActiveCfg = Release|Any CPU
		{165389E7-414D-49BB-B958-4B521AA1D452}.Debug|Any CPU.ActiveCfg = Debug|Any CPU
		{165389E7-414D-49BB-B958-4B521AA1D452}.Debug|Any CPU.Build.0 = Debug|Any CPU
		{165389E7-414D-49BB-B958-4B521AA1D452}.Debug|x64.ActiveCfg = Debug|Any CPU
		{165389E7-414D-49BB-B958-4B521AA1D452}.Release|Any CPU.ActiveCfg = Release|Any CPU
		{165389E7-414D-49BB-B958-4B521AA1D452}.Release|Any CPU.Build.0 = Release|Any CPU
		{165389E7-414D-49BB-B958-4B521AA1D452}.Release|x64.ActiveCfg = Release|Any CPU
		{84AE0BC9-B169-4B44-B320-4825D027BD2C}.Debug|Any CPU.ActiveCfg = Debug|Any CPU
		{84AE0BC9-B169-4B44-B320-4825D027BD2C}.Debug|Any CPU.Build.0 = Debug|Any CPU
		{84AE0BC9-B169-4B44-B320-4825D027BD2C}.Debug|x64.ActiveCfg = Debug|Any CPU
		{84AE0BC9-B169-4B44-B320-4825D027BD2C}.Release|Any CPU.ActiveCfg = Release|Any CPU
		{84AE0BC9-B169-4B44-B320-4825D027BD2C}.Release|Any CPU.Build.0 = Release|Any CPU
		{84AE0BC9-B169-4B44-B320-4825D027BD2C}.Release|x64.ActiveCfg = Release|Any CPU
		{B9EACD91-C346-4D1F-B818-949C54F031D0}.Debug|Any CPU.ActiveCfg = Debug|Any CPU
		{B9EACD91-C346-4D1F-B818-949C54F031D0}.Debug|Any CPU.Build.0 = Debug|Any CPU
		{B9EACD91-C346-4D1F-B818-949C54F031D0}.Debug|x64.ActiveCfg = Debug|Any CPU
		{B9EACD91-C346-4D1F-B818-949C54F031D0}.Release|Any CPU.ActiveCfg = Release|Any CPU
		{B9EACD91-C346-4D1F-B818-949C54F031D0}.Release|Any CPU.Build.0 = Release|Any CPU
		{B9EACD91-C346-4D1F-B818-949C54F031D0}.Release|x64.ActiveCfg = Release|Any CPU
		{7C9A72A3-E426-4312-9F31-AE340B0EF4C8}.Debug|Any CPU.ActiveCfg = Debug|Any CPU
		{7C9A72A3-E426-4312-9F31-AE340B0EF4C8}.Debug|Any CPU.Build.0 = Debug|Any CPU
		{7C9A72A3-E426-4312-9F31-AE340B0EF4C8}.Debug|x64.ActiveCfg = Debug|x64
		{7C9A72A3-E426-4312-9F31-AE340B0EF4C8}.Debug|x64.Build.0 = Debug|x64
		{7C9A72A3-E426-4312-9F31-AE340B0EF4C8}.Release|Any CPU.ActiveCfg = Release|Any CPU
		{7C9A72A3-E426-4312-9F31-AE340B0EF4C8}.Release|Any CPU.Build.0 = Release|Any CPU
		{7C9A72A3-E426-4312-9F31-AE340B0EF4C8}.Release|x64.ActiveCfg = Release|x64
		{7C9A72A3-E426-4312-9F31-AE340B0EF4C8}.Release|x64.Build.0 = Release|x64
		{03FC5A8F-F2B7-48A5-9871-7E7B33AB3048}.Debug|Any CPU.ActiveCfg = Debug|Any CPU
		{03FC5A8F-F2B7-48A5-9871-7E7B33AB3048}.Debug|Any CPU.Build.0 = Debug|Any CPU
		{03FC5A8F-F2B7-48A5-9871-7E7B33AB3048}.Debug|x64.ActiveCfg = Debug|Any CPU
		{03FC5A8F-F2B7-48A5-9871-7E7B33AB3048}.Release|Any CPU.ActiveCfg = Release|Any CPU
		{03FC5A8F-F2B7-48A5-9871-7E7B33AB3048}.Release|Any CPU.Build.0 = Release|Any CPU
		{03FC5A8F-F2B7-48A5-9871-7E7B33AB3048}.Release|x64.ActiveCfg = Release|Any CPU
		{D47F3564-85FB-4222-87FF-2F6E87E11B46}.Debug|Any CPU.ActiveCfg = Debug|Any CPU
		{D47F3564-85FB-4222-87FF-2F6E87E11B46}.Debug|Any CPU.Build.0 = Debug|Any CPU
		{D47F3564-85FB-4222-87FF-2F6E87E11B46}.Debug|x64.ActiveCfg = Debug|Any CPU
		{D47F3564-85FB-4222-87FF-2F6E87E11B46}.Release|Any CPU.ActiveCfg = Release|Any CPU
		{D47F3564-85FB-4222-87FF-2F6E87E11B46}.Release|Any CPU.Build.0 = Release|Any CPU
		{D47F3564-85FB-4222-87FF-2F6E87E11B46}.Release|x64.ActiveCfg = Release|Any CPU
		{BC4A1FAE-A157-4050-B257-F131D3AD6B9D}.Debug|Any CPU.ActiveCfg = Debug|Any CPU
		{BC4A1FAE-A157-4050-B257-F131D3AD6B9D}.Debug|Any CPU.Build.0 = Debug|Any CPU
		{BC4A1FAE-A157-4050-B257-F131D3AD6B9D}.Debug|x64.ActiveCfg = Debug|Any CPU
		{BC4A1FAE-A157-4050-B257-F131D3AD6B9D}.Release|Any CPU.ActiveCfg = Release|Any CPU
		{BC4A1FAE-A157-4050-B257-F131D3AD6B9D}.Release|Any CPU.Build.0 = Release|Any CPU
		{BC4A1FAE-A157-4050-B257-F131D3AD6B9D}.Release|x64.ActiveCfg = Release|Any CPU
		{C2043A9A-A7CA-43AC-A4DF-318A32BCB165}.Debug|Any CPU.ActiveCfg = Debug|Any CPU
		{C2043A9A-A7CA-43AC-A4DF-318A32BCB165}.Debug|Any CPU.Build.0 = Debug|Any CPU
		{C2043A9A-A7CA-43AC-A4DF-318A32BCB165}.Debug|x64.ActiveCfg = Debug|Any CPU
		{C2043A9A-A7CA-43AC-A4DF-318A32BCB165}.Release|Any CPU.ActiveCfg = Release|Any CPU
		{C2043A9A-A7CA-43AC-A4DF-318A32BCB165}.Release|Any CPU.Build.0 = Release|Any CPU
		{C2043A9A-A7CA-43AC-A4DF-318A32BCB165}.Release|x64.ActiveCfg = Release|Any CPU
		{44C2DF8C-4D4D-4E71-A89F-8E6FC7560CD7}.Debug|Any CPU.ActiveCfg = Debug|Any CPU
		{44C2DF8C-4D4D-4E71-A89F-8E6FC7560CD7}.Debug|Any CPU.Build.0 = Debug|Any CPU
		{44C2DF8C-4D4D-4E71-A89F-8E6FC7560CD7}.Debug|x64.ActiveCfg = Debug|Any CPU
		{44C2DF8C-4D4D-4E71-A89F-8E6FC7560CD7}.Release|Any CPU.ActiveCfg = Release|Any CPU
		{44C2DF8C-4D4D-4E71-A89F-8E6FC7560CD7}.Release|Any CPU.Build.0 = Release|Any CPU
		{44C2DF8C-4D4D-4E71-A89F-8E6FC7560CD7}.Release|x64.ActiveCfg = Release|Any CPU
		{7B65875C-1AC7-4A38-A5B2-7497E1ADD95A}.Debug|Any CPU.ActiveCfg = Debug|Any CPU
		{7B65875C-1AC7-4A38-A5B2-7497E1ADD95A}.Debug|Any CPU.Build.0 = Debug|Any CPU
		{7B65875C-1AC7-4A38-A5B2-7497E1ADD95A}.Debug|x64.ActiveCfg = Debug|Any CPU
		{7B65875C-1AC7-4A38-A5B2-7497E1ADD95A}.Release|Any CPU.ActiveCfg = Release|Any CPU
		{7B65875C-1AC7-4A38-A5B2-7497E1ADD95A}.Release|Any CPU.Build.0 = Release|Any CPU
		{7B65875C-1AC7-4A38-A5B2-7497E1ADD95A}.Release|x64.ActiveCfg = Release|Any CPU
		{7EB7BDC8-0543-40E8-B4B6-CEC4A8B17B40}.Debug|Any CPU.ActiveCfg = Debug|Any CPU
		{7EB7BDC8-0543-40E8-B4B6-CEC4A8B17B40}.Debug|Any CPU.Build.0 = Debug|Any CPU
		{7EB7BDC8-0543-40E8-B4B6-CEC4A8B17B40}.Debug|x64.ActiveCfg = Debug|Any CPU
		{7EB7BDC8-0543-40E8-B4B6-CEC4A8B17B40}.Release|Any CPU.ActiveCfg = Release|Any CPU
		{7EB7BDC8-0543-40E8-B4B6-CEC4A8B17B40}.Release|Any CPU.Build.0 = Release|Any CPU
		{7EB7BDC8-0543-40E8-B4B6-CEC4A8B17B40}.Release|x64.ActiveCfg = Release|Any CPU
		{95C4EC3A-544E-4D26-BB33-70208B193F83}.Debug|Any CPU.ActiveCfg = Debug|Any CPU
		{95C4EC3A-544E-4D26-BB33-70208B193F83}.Debug|Any CPU.Build.0 = Debug|Any CPU
		{95C4EC3A-544E-4D26-BB33-70208B193F83}.Debug|x64.ActiveCfg = Debug|Any CPU
		{95C4EC3A-544E-4D26-BB33-70208B193F83}.Release|Any CPU.ActiveCfg = Release|Any CPU
		{95C4EC3A-544E-4D26-BB33-70208B193F83}.Release|Any CPU.Build.0 = Release|Any CPU
		{95C4EC3A-544E-4D26-BB33-70208B193F83}.Release|x64.ActiveCfg = Release|Any CPU
		{C450E3B0-FD30-4D99-8660-2069DD867048}.Debug|Any CPU.ActiveCfg = Debug|Any CPU
		{C450E3B0-FD30-4D99-8660-2069DD867048}.Debug|Any CPU.Build.0 = Debug|Any CPU
		{C450E3B0-FD30-4D99-8660-2069DD867048}.Debug|x64.ActiveCfg = Debug|Any CPU
		{C450E3B0-FD30-4D99-8660-2069DD867048}.Release|Any CPU.ActiveCfg = Release|Any CPU
		{C450E3B0-FD30-4D99-8660-2069DD867048}.Release|Any CPU.Build.0 = Release|Any CPU
		{C450E3B0-FD30-4D99-8660-2069DD867048}.Release|x64.ActiveCfg = Release|Any CPU
		{B20A9A31-0E43-4193-A7AB-7DBB7D1DC6BC}.Debug|Any CPU.ActiveCfg = Debug|Any CPU
		{B20A9A31-0E43-4193-A7AB-7DBB7D1DC6BC}.Debug|Any CPU.Build.0 = Debug|Any CPU
		{B20A9A31-0E43-4193-A7AB-7DBB7D1DC6BC}.Debug|x64.ActiveCfg = Debug|Any CPU
		{B20A9A31-0E43-4193-A7AB-7DBB7D1DC6BC}.Release|Any CPU.ActiveCfg = Release|Any CPU
		{B20A9A31-0E43-4193-A7AB-7DBB7D1DC6BC}.Release|Any CPU.Build.0 = Release|Any CPU
		{B20A9A31-0E43-4193-A7AB-7DBB7D1DC6BC}.Release|x64.ActiveCfg = Release|Any CPU
		{A98A0500-F260-431C-A80E-E77FA66081AD}.Debug|Any CPU.ActiveCfg = Debug|Any CPU
		{A98A0500-F260-431C-A80E-E77FA66081AD}.Debug|Any CPU.Build.0 = Debug|Any CPU
		{A98A0500-F260-431C-A80E-E77FA66081AD}.Debug|x64.ActiveCfg = Debug|Any CPU
		{A98A0500-F260-431C-A80E-E77FA66081AD}.Release|Any CPU.ActiveCfg = Release|Any CPU
		{A98A0500-F260-431C-A80E-E77FA66081AD}.Release|Any CPU.Build.0 = Release|Any CPU
		{A98A0500-F260-431C-A80E-E77FA66081AD}.Release|x64.ActiveCfg = Release|Any CPU
	EndGlobalSection
	GlobalSection(SolutionProperties) = preSolution
		HideSolutionNode = FALSE
	EndGlobalSection
EndGlobal
