
Microsoft Visual Studio Solution File, Format Version 9.00
# Visual Studio 2005
Project("{FAE04EC0-301F-11D3-BF4B-00C04F79EFBC}") = "Featureizer", "Featureizer.csproj", "{915EA436-B919-43BE-8111-9D97F81F1BA8}"
	ProjectSection(WebsiteProperties) = preProject
		Debug.AspNetCompiler.Debug = "True"
		Release.AspNetCompiler.Debug = "False"
	EndProjectSection
EndProject
Project("{FAE04EC0-301F-11D3-BF4B-00C04F79EFBC}") = "Featurefy", "..\Featurefy.csproj", "{C2043A9A-A7CA-43AC-A4DF-318A32BCB165}"
	ProjectSection(WebsiteProperties) = preProject
		Debug.AspNetCompiler.Debug = "True"
		Release.AspNetCompiler.Debug = "False"
	EndProjectSection
EndProject
Project("{FAE04EC0-301F-11D3-BF4B-00C04F79EFBC}") = "Set", "..\..\..\Util\Set\Set.csproj", "{182FAEC4-3133-4D14-9BE5-5B8718752EE1}"
	ProjectSection(WebsiteProperties) = preProject
		Debug.AspNetCompiler.Debug = "True"
		Release.AspNetCompiler.Debug = "False"
	EndProjectSection
EndProject
Project("{FAE04EC0-301F-11D3-BF4B-00C04F79EFBC}") = "Iridium", "..\..\..\Util\MathNet.Iridium-2008.4.14.425\Sources\Library\Iridium.csproj", "{26FC15DE-EFDA-403A-8284-1E2A4AE8A9D8}"
	ProjectSection(WebsiteProperties) = preProject
		Debug.AspNetCompiler.Debug = "True"
		Release.AspNetCompiler.Debug = "False"
	EndProjectSection
EndProject
Project("{FAE04EC0-301F-11D3-BF4B-00C04F79EFBC}") = "statistic", "..\..\..\Util\statistic\statistic.csproj", "{1ED6E7B8-B221-4E0F-8921-26BA67F2E968}"
	ProjectSection(WebsiteProperties) = preProject
		Debug.AspNetCompiler.Debug = "True"
		Release.AspNetCompiler.Debug = "False"
	EndProjectSection
EndProject
Project("{FAE04EC0-301F-11D3-BF4B-00C04F79EFBC}") = "Sketch", "..\..\..\Util\Sketch\Sketch.csproj", "{84AE0BC9-B169-4B44-B320-4825D027BD2C}"
	ProjectSection(WebsiteProperties) = preProject
		Debug.AspNetCompiler.Debug = "True"
		Release.AspNetCompiler.Debug = "False"
	EndProjectSection
EndProject
Project("{FAE04EC0-301F-11D3-BF4B-00C04F79EFBC}") = "Metrics", "..\..\..\Util\Metrics\Metrics.csproj", "{D4C849D4-0BFC-4602-9E87-F43ADE00A8CA}"
	ProjectSection(WebsiteProperties) = preProject
		Debug.AspNetCompiler.Debug = "True"
		Release.AspNetCompiler.Debug = "False"
	EndProjectSection
EndProject
Project("{FAE04EC0-301F-11D3-BF4B-00C04F79EFBC}") = "ConverterXML", "..\..\..\Util\ConverterXML\ConverterXML.csproj", "{165389E7-414D-49BB-B958-4B521AA1D452}"
	ProjectSection(WebsiteProperties) = preProject
		Debug.AspNetCompiler.Debug = "True"
		Release.AspNetCompiler.Debug = "False"
	EndProjectSection
EndProject
Project("{FAE04EC0-301F-11D3-BF4B-00C04F79EFBC}") = "Files", "..\..\..\Util\Files\Files.csproj", "{A92F7726-4185-4B50-866B-2608C790FD92}"
	ProjectSection(WebsiteProperties) = preProject
		Debug.AspNetCompiler.Debug = "True"
		Release.AspNetCompiler.Debug = "False"
	EndProjectSection
EndProject
Project("{FAE04EC0-301F-11D3-BF4B-00C04F79EFBC}") = "Fragmenter", "..\..\Fragmenter\Fragmenter.csproj", "{3A7258B5-B5D1-4D75-B988-FB47044759F8}"
	ProjectSection(WebsiteProperties) = preProject
		Debug.AspNetCompiler.Debug = "True"
		Release.AspNetCompiler.Debug = "False"
	EndProjectSection
EndProject
Global
	GlobalSection(SolutionConfigurationPlatforms) = preSolution
		Debug|Any CPU = Debug|Any CPU
		Release|Any CPU = Release|Any CPU
	EndGlobalSection
	GlobalSection(ProjectConfigurationPlatforms) = postSolution
		{915EA436-B919-43BE-8111-9D97F81F1BA8}.Debug|Any CPU.ActiveCfg = Debug|Any CPU
		{915EA436-B919-43BE-8111-9D97F81F1BA8}.Debug|Any CPU.Build.0 = Debug|Any CPU
		{915EA436-B919-43BE-8111-9D97F81F1BA8}.Release|Any CPU.ActiveCfg = Release|Any CPU
		{915EA436-B919-43BE-8111-9D97F81F1BA8}.Release|Any CPU.Build.0 = Release|Any CPU
		{C2043A9A-A7CA-43AC-A4DF-318A32BCB165}.Debug|Any CPU.ActiveCfg = Debug|Any CPU
		{C2043A9A-A7CA-43AC-A4DF-318A32BCB165}.Debug|Any CPU.Build.0 = Debug|Any CPU
		{C2043A9A-A7CA-43AC-A4DF-318A32BCB165}.Release|Any CPU.ActiveCfg = Release|Any CPU
		{C2043A9A-A7CA-43AC-A4DF-318A32BCB165}.Release|Any CPU.Build.0 = Release|Any CPU
		{182FAEC4-3133-4D14-9BE5-5B8718752EE1}.Debug|Any CPU.ActiveCfg = Debug|Any CPU
		{182FAEC4-3133-4D14-9BE5-5B8718752EE1}.Debug|Any CPU.Build.0 = Debug|Any CPU
		{182FAEC4-3133-4D14-9BE5-5B8718752EE1}.Release|Any CPU.ActiveCfg = Release|Any CPU
		{182FAEC4-3133-4D14-9BE5-5B8718752EE1}.Release|Any CPU.Build.0 = Release|Any CPU
		{26FC15DE-EFDA-403A-8284-1E2A4AE8A9D8}.Debug|Any CPU.ActiveCfg = Debug|Any CPU
		{26FC15DE-EFDA-403A-8284-1E2A4AE8A9D8}.Debug|Any CPU.Build.0 = Debug|Any CPU
		{26FC15DE-EFDA-403A-8284-1E2A4AE8A9D8}.Release|Any CPU.ActiveCfg = Release|Any CPU
		{26FC15DE-EFDA-403A-8284-1E2A4AE8A9D8}.Release|Any CPU.Build.0 = Release|Any CPU
		{1ED6E7B8-B221-4E0F-8921-26BA67F2E968}.Debug|Any CPU.ActiveCfg = Debug|Any CPU
		{1ED6E7B8-B221-4E0F-8921-26BA67F2E968}.Debug|Any CPU.Build.0 = Debug|Any CPU
		{1ED6E7B8-B221-4E0F-8921-26BA67F2E968}.Release|Any CPU.ActiveCfg = Release|Any CPU
		{1ED6E7B8-B221-4E0F-8921-26BA67F2E968}.Release|Any CPU.Build.0 = Release|Any CPU
		{84AE0BC9-B169-4B44-B320-4825D027BD2C}.Debug|Any CPU.ActiveCfg = Debug|Any CPU
		{84AE0BC9-B169-4B44-B320-4825D027BD2C}.Debug|Any CPU.Build.0 = Debug|Any CPU
		{84AE0BC9-B169-4B44-B320-4825D027BD2C}.Release|Any CPU.ActiveCfg = Release|Any CPU
		{84AE0BC9-B169-4B44-B320-4825D027BD2C}.Release|Any CPU.Build.0 = Release|Any CPU
		{D4C849D4-0BFC-4602-9E87-F43ADE00A8CA}.Debug|Any CPU.ActiveCfg = Debug|Any CPU
		{D4C849D4-0BFC-4602-9E87-F43ADE00A8CA}.Debug|Any CPU.Build.0 = Debug|Any CPU
		{D4C849D4-0BFC-4602-9E87-F43ADE00A8CA}.Release|Any CPU.ActiveCfg = Release|Any CPU
		{D4C849D4-0BFC-4602-9E87-F43ADE00A8CA}.Release|Any CPU.Build.0 = Release|Any CPU
		{165389E7-414D-49BB-B958-4B521AA1D452}.Debug|Any CPU.ActiveCfg = Debug|Any CPU
		{165389E7-414D-49BB-B958-4B521AA1D452}.Debug|Any CPU.Build.0 = Debug|Any CPU
		{165389E7-414D-49BB-B958-4B521AA1D452}.Release|Any CPU.ActiveCfg = Release|Any CPU
		{165389E7-414D-49BB-B958-4B521AA1D452}.Release|Any CPU.Build.0 = Release|Any CPU
		{A92F7726-4185-4B50-866B-2608C790FD92}.Debug|Any CPU.ActiveCfg = Debug|Any CPU
		{A92F7726-4185-4B50-866B-2608C790FD92}.Debug|Any CPU.Build.0 = Debug|Any CPU
		{A92F7726-4185-4B50-866B-2608C790FD92}.Release|Any CPU.ActiveCfg = Release|Any CPU
		{A92F7726-4185-4B50-866B-2608C790FD92}.Release|Any CPU.Build.0 = Release|Any CPU
		{3A7258B5-B5D1-4D75-B988-FB47044759F8}.Debug|Any CPU.ActiveCfg = Debug|Any CPU
		{3A7258B5-B5D1-4D75-B988-FB47044759F8}.Debug|Any CPU.Build.0 = Debug|Any CPU
		{3A7258B5-B5D1-4D75-B988-FB47044759F8}.Release|Any CPU.ActiveCfg = Release|Any CPU
		{3A7258B5-B5D1-4D75-B988-FB47044759F8}.Release|Any CPU.Build.0 = Release|Any CPU
	EndGlobalSection
	GlobalSection(SolutionProperties) = preSolution
		HideSolutionNode = FALSE
	EndGlobalSection
EndGlobal
