
Microsoft Visual Studio Solution File, Format Version 9.00
# Visual Studio 2005
Project("{FAE04EC0-301F-11D3-BF4B-00C04F79EFBC}") = "PowerpointMinipad", "PowerpointMinipad\PowerpointMinipad.csproj", "{93BD4E14-C798-4C20-ABD9-FDE1D5B06DD3}"
EndProject
Project("{54435603-DBB4-11D2-8724-00A0C9A8B90C}") = "PowerpointMinipadSetup", "PowerpointMinipadSetup\PowerpointMinipadSetup.vdproj", "{321B3A2B-C6E1-4AFC-8CFD-0DA4F28FDCE7}"
EndProject
Global
	GlobalSection(SolutionConfigurationPlatforms) = preSolution
		Debug|Any CPU = Debug|Any CPU
		Release|Any CPU = Release|Any CPU
	EndGlobalSection
	GlobalSection(ProjectConfigurationPlatforms) = postSolution
		{93BD4E14-C798-4C20-ABD9-FDE1D5B06DD3}.Debug|Any CPU.ActiveCfg = Debug|Any CPU
		{93BD4E14-C798-4C20-ABD9-FDE1D5B06DD3}.Debug|Any CPU.Build.0 = Debug|Any CPU
		{93BD4E14-C798-4C20-ABD9-FDE1D5B06DD3}.Release|Any CPU.ActiveCfg = Release|Any CPU
		{93BD4E14-C798-4C20-ABD9-FDE1D5B06DD3}.Release|Any CPU.Build.0 = Release|Any CPU
		{321B3A2B-C6E1-4AFC-8CFD-0DA4F28FDCE7}.Debug|Any CPU.ActiveCfg = Debug
		{321B3A2B-C6E1-4AFC-8CFD-0DA4F28FDCE7}.Release|Any CPU.ActiveCfg = Release
	EndGlobalSection
	GlobalSection(SolutionProperties) = preSolution
		HideSolutionNode = FALSE
	EndGlobalSection
EndGlobal
