
Microsoft Visual Studio Solution File, Format Version 11.00
# Visual Studio 2010
Project("{2150E333-8FDC-42A3-9474-1A3956D46DE8}") = "User Interface", "User Interface", "{B021036C-98A6-4E97-BC08-DE3B1E3187D0}"
EndProject
Project("{2150E333-8FDC-42A3-9474-1A3956D46DE8}") = "Recognition", "Recognition", "{734E0BA3-8DD9-484E-A3AB-992A76F3A06B}"
EndProject
Project("{2150E333-8FDC-42A3-9474-1A3956D46DE8}") = "Utilities", "Utilities", "{F88286F8-F775-4BDB-A706-265D5593AD48}"
EndProject
Project("{FAE04EC0-301F-11D3-BF4B-00C04F79EFBC}") = "Featurefy", "..\Recognition\Featurefy\Featurefy.csproj", "{C2043A9A-A7CA-43AC-A4DF-318A32BCB165}"
EndProject
Project("{FAE04EC0-301F-11D3-BF4B-00C04F79EFBC}") = "Iridium", "..\Util\MathNet.Iridium-2008.4.14.425\Sources\Library\Iridium.csproj", "{26FC15DE-EFDA-403A-8284-1E2A4AE8A9D8}"
EndProject
Project("{FAE04EC0-301F-11D3-BF4B-00C04F79EFBC}") = "Sketch", "..\Util\Sketch\Sketch.csproj", "{84AE0BC9-B169-4B44-B320-4825D027BD2C}"
EndProject
Project("{FAE04EC0-301F-11D3-BF4B-00C04F79EFBC}") = "Set", "..\Util\Set\Set.csproj", "{182FAEC4-3133-4D14-9BE5-5B8718752EE1}"
EndProject
Project("{2150E333-8FDC-42A3-9474-1A3956D46DE8}") = "Simulation", "Simulation", "{3C2804CF-E30D-40F6-8B46-69672920CFE6}"
EndProject
Project("{FAE04EC0-301F-11D3-BF4B-00C04F79EFBC}") = "CircuitSimLib", "..\Util\CircuitSimLib\CircuitSimLib\CircuitSimLib.csproj", "{E7695FEC-151B-4B07-A553-9A1125053F8A}"
EndProject
Project("{FAE04EC0-301F-11D3-BF4B-00C04F79EFBC}") = "SimulationManager", "..\Util\SimulationManager\SimulationManager.csproj", "{26F5BA57-4B1D-4B26-92ED-22343A303614}"
EndProject
Project("{FAE04EC0-301F-11D3-BF4B-00C04F79EFBC}") = "CombinationRecognizer", "..\Recognition\CombinationRecognizer\CombinationRecognizer.csproj", "{4A871ACD-7374-4349-A310-432CD99B09FF}"
EndProject
Project("{FAE04EC0-301F-11D3-BF4B-00C04F79EFBC}") = "Utilities", "..\Util\Utilities\Utilities\Utilities.csproj", "{7C9A72A3-E426-4312-9F31-AE340B0EF4C8}"
EndProject
Project("{FAE04EC0-301F-11D3-BF4B-00C04F79EFBC}") = "CleanCircuitWindow", "..\FrontEnd\CleanCircuitWindow\CleanCircuitWindow.csproj", "{768D57BD-44C4-417F-9DA3-EA81D3684A82}"
EndProject
Project("{FAE04EC0-301F-11D3-BF4B-00C04F79EFBC}") = "SketchPanelWPF", "..\FrontEnd\SketchPanelWPF\SketchPanelWPF\SketchPanelWPF.csproj", "{691475D1-6EDC-4FC8-A8D3-E12721FCD117}"
EndProject
Project("{FAE04EC0-301F-11D3-BF4B-00C04F79EFBC}") = "ConverterXML", "..\Util\ConverterXML\ConverterXML.csproj", "{165389E7-414D-49BB-B958-4B521AA1D452}"
EndProject
Project("{FAE04EC0-301F-11D3-BF4B-00C04F79EFBC}") = "DisplayManager", "..\Util\DisplayManager\DisplayManager.csproj", "{B20A9A31-0E43-4193-A7AB-7DBB7D1DC6BC}"
EndProject
Project("{FAE04EC0-301F-11D3-BF4B-00C04F79EFBC}") = "InkToSketchWPF", "..\Util\InkToSketchWPF\InkToSketchWPF.csproj", "{41347471-8AFE-4226-B683-666C747BAFB5}"
EndProject
Project("{FAE04EC0-301F-11D3-BF4B-00C04F79EFBC}") = "CommandManagement", "..\Util\CommandManagement\CommandManagement.csproj", "{50B9CC54-918D-4831-80C4-AA2CA42F57F1}"
EndProject
Project("{FAE04EC0-301F-11D3-BF4B-00C04F79EFBC}") = "CircuitRec", "CircuitRec\CircuitRec.csproj", "{467929AF-0648-4716-8631-DE4C045B1A8D}"
EndProject
Project("{FAE04EC0-301F-11D3-BF4B-00C04F79EFBC}") = "NeuralNets", "..\Recognition\NeuralNet\NeuralNets\NeuralNets.csproj", "{8216E3F6-DC1C-456E-AEE0-43FB5FBA6A5D}"
EndProject
Project("{FAE04EC0-301F-11D3-BF4B-00C04F79EFBC}") = "Refiner", "..\Util\Refiner\Refiner.csproj", "{64291654-31EA-465B-9D33-720501ABA200}"
EndProject
Project("{FAE04EC0-301F-11D3-BF4B-00C04F79EFBC}") = "ContextDomain", "..\Util\ContextDomain\ContextDomain.csproj", "{6D8F9DFC-CAD5-4ECE-B2DC-CE143F302E64}"
EndProject
Project("{FAE04EC0-301F-11D3-BF4B-00C04F79EFBC}") = "RecognitionManager", "..\Util\RecognitionManager\RecognitionManager.csproj", "{E9864F26-1F24-4A2B-9463-FBF5370B90DE}"
EndProject
Project("{FAE04EC0-301F-11D3-BF4B-00C04F79EFBC}") = "NotesWindow", "..\FrontEnd\NotesWindow\NotesWindow\NotesWindow.csproj", "{0987BCAD-4E3F-4FF0-B100-04BBCC817848}"
EndProject
Project("{FAE04EC0-301F-11D3-BF4B-00C04F79EFBC}") = "WPFCircuitSimulatorUI", "..\FrontEnd\WPFCircuitSimulatorUI\WPFCircuitSimulatorUI\WPFCircuitSimulatorUI.csproj", "{BDA43828-4321-4EFC-A2AC-04BB87360FC5}"
EndProject
Project("{FAE04EC0-301F-11D3-BF4B-00C04F79EFBC}") = "DomainInfo", "..\Util\DomainInfo\DomainInfo.csproj", "{D2EB8DC7-AC75-4C24-8029-EB08BE367136}"
EndProject
Project("{FAE04EC0-301F-11D3-BF4B-00C04F79EFBC}") = "EditMenu", "..\Util\EditMenu\EditMenu.csproj", "{69A3DB7D-29D7-4E72-8794-9A72A9960CE7}"
EndProject
Project("{FAE04EC0-301F-11D3-BF4B-00C04F79EFBC}") = "SelectionManager", "..\FrontEnd\SelectionManager\SelectionManager.csproj", "{0E6738CB-2055-45A1-A85A-E4308CD967B8}"
EndProject
Project("{FAE04EC0-301F-11D3-BF4B-00C04F79EFBC}") = "Recognizers", "..\Recognition\Recognizers\Recognizers.csproj", "{8B3A372B-E76E-4848-BE61-1D4436AC06AB}"
EndProject
Project("{FAE04EC0-301F-11D3-BF4B-00C04F79EFBC}") = "StrokeClassifier", "..\Recognition\StrokeClassifier\StrokeClassifier.csproj", "{B98E0F6C-4026-4BF1-B5E6-1FDCB445618C}"
EndProject
Project("{FAE04EC0-301F-11D3-BF4B-00C04F79EFBC}") = "StrokeGrouper", "..\Recognition\StrokeGrouper\StrokeGrouper.csproj", "{F227ABF5-50F9-4940-8159-7A028FB5F444}"
EndProject
Project("{FAE04EC0-301F-11D3-BF4B-00C04F79EFBC}") = "DecisionTrees", "..\Recognition\DecisionTrees\DecisionTrees.csproj", "{D1931470-A365-482C-AE5D-51A394B0FF19}"
EndProject
Global
	GlobalSection(SolutionConfigurationPlatforms) = preSolution
		Debug|Any CPU = Debug|Any CPU
		Debug|Mixed Platforms = Debug|Mixed Platforms
		Debug|x64 = Debug|x64
		Debug|x86 = Debug|x86
		Release|Any CPU = Release|Any CPU
		Release|Mixed Platforms = Release|Mixed Platforms
		Release|x64 = Release|x64
		Release|x86 = Release|x86
	EndGlobalSection
	GlobalSection(ProjectConfigurationPlatforms) = postSolution
		{C2043A9A-A7CA-43AC-A4DF-318A32BCB165}.Debug|Any CPU.ActiveCfg = Debug|Any CPU
		{C2043A9A-A7CA-43AC-A4DF-318A32BCB165}.Debug|Any CPU.Build.0 = Debug|Any CPU
		{C2043A9A-A7CA-43AC-A4DF-318A32BCB165}.Debug|Mixed Platforms.ActiveCfg = Debug|Any CPU
		{C2043A9A-A7CA-43AC-A4DF-318A32BCB165}.Debug|Mixed Platforms.Build.0 = Debug|Any CPU
		{C2043A9A-A7CA-43AC-A4DF-318A32BCB165}.Debug|x64.ActiveCfg = Debug|Any CPU
		{C2043A9A-A7CA-43AC-A4DF-318A32BCB165}.Debug|x86.ActiveCfg = Debug|Any CPU
		{C2043A9A-A7CA-43AC-A4DF-318A32BCB165}.Release|Any CPU.ActiveCfg = Release|Any CPU
		{C2043A9A-A7CA-43AC-A4DF-318A32BCB165}.Release|Any CPU.Build.0 = Release|Any CPU
		{C2043A9A-A7CA-43AC-A4DF-318A32BCB165}.Release|Mixed Platforms.ActiveCfg = Release|Any CPU
		{C2043A9A-A7CA-43AC-A4DF-318A32BCB165}.Release|x64.ActiveCfg = Release|Any CPU
		{C2043A9A-A7CA-43AC-A4DF-318A32BCB165}.Release|x86.ActiveCfg = Release|Any CPU
		{26FC15DE-EFDA-403A-8284-1E2A4AE8A9D8}.Debug|Any CPU.ActiveCfg = Debug|Any CPU
		{26FC15DE-EFDA-403A-8284-1E2A4AE8A9D8}.Debug|Any CPU.Build.0 = Debug|Any CPU
		{26FC15DE-EFDA-403A-8284-1E2A4AE8A9D8}.Debug|Mixed Platforms.ActiveCfg = Debug|Any CPU
		{26FC15DE-EFDA-403A-8284-1E2A4AE8A9D8}.Debug|Mixed Platforms.Build.0 = Debug|Any CPU
		{26FC15DE-EFDA-403A-8284-1E2A4AE8A9D8}.Debug|x64.ActiveCfg = Debug|Any CPU
		{26FC15DE-EFDA-403A-8284-1E2A4AE8A9D8}.Debug|x86.ActiveCfg = Debug|Any CPU
		{26FC15DE-EFDA-403A-8284-1E2A4AE8A9D8}.Release|Any CPU.ActiveCfg = Release|Any CPU
		{26FC15DE-EFDA-403A-8284-1E2A4AE8A9D8}.Release|Any CPU.Build.0 = Release|Any CPU
		{26FC15DE-EFDA-403A-8284-1E2A4AE8A9D8}.Release|Mixed Platforms.ActiveCfg = Release|Any CPU
		{26FC15DE-EFDA-403A-8284-1E2A4AE8A9D8}.Release|x64.ActiveCfg = Release|Any CPU
		{26FC15DE-EFDA-403A-8284-1E2A4AE8A9D8}.Release|x86.ActiveCfg = Release|Any CPU
		{84AE0BC9-B169-4B44-B320-4825D027BD2C}.Debug|Any CPU.ActiveCfg = Debug|Any CPU
		{84AE0BC9-B169-4B44-B320-4825D027BD2C}.Debug|Any CPU.Build.0 = Debug|Any CPU
		{84AE0BC9-B169-4B44-B320-4825D027BD2C}.Debug|Mixed Platforms.ActiveCfg = Debug|Any CPU
		{84AE0BC9-B169-4B44-B320-4825D027BD2C}.Debug|Mixed Platforms.Build.0 = Debug|Any CPU
		{84AE0BC9-B169-4B44-B320-4825D027BD2C}.Debug|x64.ActiveCfg = Debug|Any CPU
		{84AE0BC9-B169-4B44-B320-4825D027BD2C}.Debug|x86.ActiveCfg = Debug|Any CPU
		{84AE0BC9-B169-4B44-B320-4825D027BD2C}.Release|Any CPU.ActiveCfg = Release|Any CPU
		{84AE0BC9-B169-4B44-B320-4825D027BD2C}.Release|Any CPU.Build.0 = Release|Any CPU
		{84AE0BC9-B169-4B44-B320-4825D027BD2C}.Release|Mixed Platforms.ActiveCfg = Release|Any CPU
		{84AE0BC9-B169-4B44-B320-4825D027BD2C}.Release|x64.ActiveCfg = Release|Any CPU
		{84AE0BC9-B169-4B44-B320-4825D027BD2C}.Release|x86.ActiveCfg = Release|Any CPU
		{182FAEC4-3133-4D14-9BE5-5B8718752EE1}.Debug|Any CPU.ActiveCfg = Debug|Any CPU
		{182FAEC4-3133-4D14-9BE5-5B8718752EE1}.Debug|Any CPU.Build.0 = Debug|Any CPU
		{182FAEC4-3133-4D14-9BE5-5B8718752EE1}.Debug|Mixed Platforms.ActiveCfg = Debug|Any CPU
		{182FAEC4-3133-4D14-9BE5-5B8718752EE1}.Debug|Mixed Platforms.Build.0 = Debug|Any CPU
		{182FAEC4-3133-4D14-9BE5-5B8718752EE1}.Debug|x64.ActiveCfg = Debug|Any CPU
		{182FAEC4-3133-4D14-9BE5-5B8718752EE1}.Debug|x86.ActiveCfg = Debug|Any CPU
		{182FAEC4-3133-4D14-9BE5-5B8718752EE1}.Release|Any CPU.ActiveCfg = Release|Any CPU
		{182FAEC4-3133-4D14-9BE5-5B8718752EE1}.Release|Any CPU.Build.0 = Release|Any CPU
		{182FAEC4-3133-4D14-9BE5-5B8718752EE1}.Release|Mixed Platforms.ActiveCfg = Release|Any CPU
		{182FAEC4-3133-4D14-9BE5-5B8718752EE1}.Release|x64.ActiveCfg = Release|Any CPU
		{182FAEC4-3133-4D14-9BE5-5B8718752EE1}.Release|x86.ActiveCfg = Release|Any CPU
		{E7695FEC-151B-4B07-A553-9A1125053F8A}.Debug|Any CPU.ActiveCfg = Debug|Any CPU
		{E7695FEC-151B-4B07-A553-9A1125053F8A}.Debug|Any CPU.Build.0 = Debug|Any CPU
		{E7695FEC-151B-4B07-A553-9A1125053F8A}.Debug|Mixed Platforms.ActiveCfg = Debug|Any CPU
		{E7695FEC-151B-4B07-A553-9A1125053F8A}.Debug|Mixed Platforms.Build.0 = Debug|Any CPU
		{E7695FEC-151B-4B07-A553-9A1125053F8A}.Debug|x64.ActiveCfg = Debug|Any CPU
		{E7695FEC-151B-4B07-A553-9A1125053F8A}.Debug|x86.ActiveCfg = Debug|Any CPU
		{E7695FEC-151B-4B07-A553-9A1125053F8A}.Release|Any CPU.ActiveCfg = Release|Any CPU
		{E7695FEC-151B-4B07-A553-9A1125053F8A}.Release|Any CPU.Build.0 = Release|Any CPU
		{E7695FEC-151B-4B07-A553-9A1125053F8A}.Release|Mixed Platforms.ActiveCfg = Release|Any CPU
		{E7695FEC-151B-4B07-A553-9A1125053F8A}.Release|x64.ActiveCfg = Release|Any CPU
		{E7695FEC-151B-4B07-A553-9A1125053F8A}.Release|x86.ActiveCfg = Release|Any CPU
		{26F5BA57-4B1D-4B26-92ED-22343A303614}.Debug|Any CPU.ActiveCfg = Debug|Any CPU
		{26F5BA57-4B1D-4B26-92ED-22343A303614}.Debug|Any CPU.Build.0 = Debug|Any CPU
		{26F5BA57-4B1D-4B26-92ED-22343A303614}.Debug|Mixed Platforms.ActiveCfg = Debug|Any CPU
		{26F5BA57-4B1D-4B26-92ED-22343A303614}.Debug|Mixed Platforms.Build.0 = Debug|Any CPU
		{26F5BA57-4B1D-4B26-92ED-22343A303614}.Debug|x64.ActiveCfg = Debug|Any CPU
		{26F5BA57-4B1D-4B26-92ED-22343A303614}.Debug|x86.ActiveCfg = Debug|Any CPU
		{26F5BA57-4B1D-4B26-92ED-22343A303614}.Release|Any CPU.ActiveCfg = Release|Any CPU
		{26F5BA57-4B1D-4B26-92ED-22343A303614}.Release|Any CPU.Build.0 = Release|Any CPU
		{26F5BA57-4B1D-4B26-92ED-22343A303614}.Release|Mixed Platforms.ActiveCfg = Release|Any CPU
		{26F5BA57-4B1D-4B26-92ED-22343A303614}.Release|x64.ActiveCfg = Release|Any CPU
		{26F5BA57-4B1D-4B26-92ED-22343A303614}.Release|x86.ActiveCfg = Release|Any CPU
		{4A871ACD-7374-4349-A310-432CD99B09FF}.Debug|Any CPU.ActiveCfg = Debug|Any CPU
		{4A871ACD-7374-4349-A310-432CD99B09FF}.Debug|Any CPU.Build.0 = Debug|Any CPU
		{4A871ACD-7374-4349-A310-432CD99B09FF}.Debug|Mixed Platforms.ActiveCfg = Debug|Any CPU
		{4A871ACD-7374-4349-A310-432CD99B09FF}.Debug|Mixed Platforms.Build.0 = Debug|Any CPU
		{4A871ACD-7374-4349-A310-432CD99B09FF}.Debug|x64.ActiveCfg = Debug|Any CPU
		{4A871ACD-7374-4349-A310-432CD99B09FF}.Debug|x86.ActiveCfg = Debug|Any CPU
		{4A871ACD-7374-4349-A310-432CD99B09FF}.Release|Any CPU.ActiveCfg = Release|Any CPU
		{4A871ACD-7374-4349-A310-432CD99B09FF}.Release|Any CPU.Build.0 = Release|Any CPU
		{4A871ACD-7374-4349-A310-432CD99B09FF}.Release|Mixed Platforms.ActiveCfg = Release|Any CPU
		{4A871ACD-7374-4349-A310-432CD99B09FF}.Release|x64.ActiveCfg = Release|Any CPU
		{4A871ACD-7374-4349-A310-432CD99B09FF}.Release|x86.ActiveCfg = Release|Any CPU
		{7C9A72A3-E426-4312-9F31-AE340B0EF4C8}.Debug|Any CPU.ActiveCfg = Debug|Any CPU
		{7C9A72A3-E426-4312-9F31-AE340B0EF4C8}.Debug|Any CPU.Build.0 = Debug|Any CPU
		{7C9A72A3-E426-4312-9F31-AE340B0EF4C8}.Debug|Mixed Platforms.ActiveCfg = Debug|x64
		{7C9A72A3-E426-4312-9F31-AE340B0EF4C8}.Debug|Mixed Platforms.Build.0 = Debug|x64
		{7C9A72A3-E426-4312-9F31-AE340B0EF4C8}.Debug|x64.ActiveCfg = Debug|x64
		{7C9A72A3-E426-4312-9F31-AE340B0EF4C8}.Debug|x64.Build.0 = Debug|x64
		{7C9A72A3-E426-4312-9F31-AE340B0EF4C8}.Debug|x86.ActiveCfg = Debug|x64
		{7C9A72A3-E426-4312-9F31-AE340B0EF4C8}.Release|Any CPU.ActiveCfg = Release|Any CPU
		{7C9A72A3-E426-4312-9F31-AE340B0EF4C8}.Release|Any CPU.Build.0 = Release|Any CPU
		{7C9A72A3-E426-4312-9F31-AE340B0EF4C8}.Release|Mixed Platforms.ActiveCfg = Release|x64
		{7C9A72A3-E426-4312-9F31-AE340B0EF4C8}.Release|x64.ActiveCfg = Release|x64
		{7C9A72A3-E426-4312-9F31-AE340B0EF4C8}.Release|x64.Build.0 = Release|x64
		{7C9A72A3-E426-4312-9F31-AE340B0EF4C8}.Release|x86.ActiveCfg = Release|x64
		{768D57BD-44C4-417F-9DA3-EA81D3684A82}.Debug|Any CPU.ActiveCfg = Debug|x86
		{768D57BD-44C4-417F-9DA3-EA81D3684A82}.Debug|Mixed Platforms.ActiveCfg = Debug|x86
		{768D57BD-44C4-417F-9DA3-EA81D3684A82}.Debug|Mixed Platforms.Build.0 = Debug|x86
		{768D57BD-44C4-417F-9DA3-EA81D3684A82}.Debug|x64.ActiveCfg = Debug|x86
		{768D57BD-44C4-417F-9DA3-EA81D3684A82}.Debug|x86.ActiveCfg = Debug|x86
		{768D57BD-44C4-417F-9DA3-EA81D3684A82}.Debug|x86.Build.0 = Debug|x86
		{768D57BD-44C4-417F-9DA3-EA81D3684A82}.Release|Any CPU.ActiveCfg = Release|x86
		{768D57BD-44C4-417F-9DA3-EA81D3684A82}.Release|Any CPU.Build.0 = Release|x86
		{768D57BD-44C4-417F-9DA3-EA81D3684A82}.Release|Mixed Platforms.ActiveCfg = Release|x86
		{768D57BD-44C4-417F-9DA3-EA81D3684A82}.Release|x64.ActiveCfg = Release|x86
		{768D57BD-44C4-417F-9DA3-EA81D3684A82}.Release|x86.ActiveCfg = Release|x86
		{768D57BD-44C4-417F-9DA3-EA81D3684A82}.Release|x86.Build.0 = Release|x86
		{691475D1-6EDC-4FC8-A8D3-E12721FCD117}.Debug|Any CPU.ActiveCfg = Debug|Any CPU
		{691475D1-6EDC-4FC8-A8D3-E12721FCD117}.Debug|Any CPU.Build.0 = Debug|Any CPU
		{691475D1-6EDC-4FC8-A8D3-E12721FCD117}.Debug|Mixed Platforms.ActiveCfg = Debug|Any CPU
		{691475D1-6EDC-4FC8-A8D3-E12721FCD117}.Debug|Mixed Platforms.Build.0 = Debug|Any CPU
		{691475D1-6EDC-4FC8-A8D3-E12721FCD117}.Debug|x64.ActiveCfg = Debug|Any CPU
		{691475D1-6EDC-4FC8-A8D3-E12721FCD117}.Debug|x86.ActiveCfg = Debug|Any CPU
		{691475D1-6EDC-4FC8-A8D3-E12721FCD117}.Release|Any CPU.ActiveCfg = Release|Any CPU
		{691475D1-6EDC-4FC8-A8D3-E12721FCD117}.Release|Any CPU.Build.0 = Release|Any CPU
		{691475D1-6EDC-4FC8-A8D3-E12721FCD117}.Release|Mixed Platforms.ActiveCfg = Release|Any CPU
		{691475D1-6EDC-4FC8-A8D3-E12721FCD117}.Release|x64.ActiveCfg = Release|Any CPU
		{691475D1-6EDC-4FC8-A8D3-E12721FCD117}.Release|x86.ActiveCfg = Release|Any CPU
		{165389E7-414D-49BB-B958-4B521AA1D452}.Debug|Any CPU.ActiveCfg = Debug|Any CPU
		{165389E7-414D-49BB-B958-4B521AA1D452}.Debug|Any CPU.Build.0 = Debug|Any CPU
		{165389E7-414D-49BB-B958-4B521AA1D452}.Debug|Mixed Platforms.ActiveCfg = Debug|Any CPU
		{165389E7-414D-49BB-B958-4B521AA1D452}.Debug|Mixed Platforms.Build.0 = Debug|Any CPU
		{165389E7-414D-49BB-B958-4B521AA1D452}.Debug|x64.ActiveCfg = Debug|Any CPU
		{165389E7-414D-49BB-B958-4B521AA1D452}.Debug|x86.ActiveCfg = Debug|Any CPU
		{165389E7-414D-49BB-B958-4B521AA1D452}.Release|Any CPU.ActiveCfg = Release|Any CPU
		{165389E7-414D-49BB-B958-4B521AA1D452}.Release|Any CPU.Build.0 = Release|Any CPU
		{165389E7-414D-49BB-B958-4B521AA1D452}.Release|Mixed Platforms.ActiveCfg = Release|Any CPU
		{165389E7-414D-49BB-B958-4B521AA1D452}.Release|x64.ActiveCfg = Release|Any CPU
		{165389E7-414D-49BB-B958-4B521AA1D452}.Release|x86.ActiveCfg = Release|Any CPU
		{B20A9A31-0E43-4193-A7AB-7DBB7D1DC6BC}.Debug|Any CPU.ActiveCfg = Debug|Any CPU
		{B20A9A31-0E43-4193-A7AB-7DBB7D1DC6BC}.Debug|Any CPU.Build.0 = Debug|Any CPU
		{B20A9A31-0E43-4193-A7AB-7DBB7D1DC6BC}.Debug|Mixed Platforms.ActiveCfg = Debug|Any CPU
		{B20A9A31-0E43-4193-A7AB-7DBB7D1DC6BC}.Debug|Mixed Platforms.Build.0 = Debug|Any CPU
		{B20A9A31-0E43-4193-A7AB-7DBB7D1DC6BC}.Debug|x64.ActiveCfg = Debug|Any CPU
		{B20A9A31-0E43-4193-A7AB-7DBB7D1DC6BC}.Debug|x86.ActiveCfg = Debug|Any CPU
		{B20A9A31-0E43-4193-A7AB-7DBB7D1DC6BC}.Release|Any CPU.ActiveCfg = Release|Any CPU
		{B20A9A31-0E43-4193-A7AB-7DBB7D1DC6BC}.Release|Any CPU.Build.0 = Release|Any CPU
		{B20A9A31-0E43-4193-A7AB-7DBB7D1DC6BC}.Release|Mixed Platforms.ActiveCfg = Release|Any CPU
		{B20A9A31-0E43-4193-A7AB-7DBB7D1DC6BC}.Release|x64.ActiveCfg = Release|Any CPU
		{B20A9A31-0E43-4193-A7AB-7DBB7D1DC6BC}.Release|x86.ActiveCfg = Release|Any CPU
		{41347471-8AFE-4226-B683-666C747BAFB5}.Debug|Any CPU.ActiveCfg = Debug|Any CPU
		{41347471-8AFE-4226-B683-666C747BAFB5}.Debug|Any CPU.Build.0 = Debug|Any CPU
		{41347471-8AFE-4226-B683-666C747BAFB5}.Debug|Mixed Platforms.ActiveCfg = Debug|Any CPU
		{41347471-8AFE-4226-B683-666C747BAFB5}.Debug|Mixed Platforms.Build.0 = Debug|Any CPU
		{41347471-8AFE-4226-B683-666C747BAFB5}.Debug|x64.ActiveCfg = Debug|Any CPU
		{41347471-8AFE-4226-B683-666C747BAFB5}.Debug|x86.ActiveCfg = Debug|Any CPU
		{41347471-8AFE-4226-B683-666C747BAFB5}.Release|Any CPU.ActiveCfg = Release|Any CPU
		{41347471-8AFE-4226-B683-666C747BAFB5}.Release|Any CPU.Build.0 = Release|Any CPU
		{41347471-8AFE-4226-B683-666C747BAFB5}.Release|Mixed Platforms.ActiveCfg = Release|Any CPU
		{41347471-8AFE-4226-B683-666C747BAFB5}.Release|x64.ActiveCfg = Release|Any CPU
		{41347471-8AFE-4226-B683-666C747BAFB5}.Release|x86.ActiveCfg = Release|Any CPU
		{50B9CC54-918D-4831-80C4-AA2CA42F57F1}.Debug|Any CPU.ActiveCfg = Debug|Any CPU
		{50B9CC54-918D-4831-80C4-AA2CA42F57F1}.Debug|Any CPU.Build.0 = Debug|Any CPU
		{50B9CC54-918D-4831-80C4-AA2CA42F57F1}.Debug|Mixed Platforms.ActiveCfg = Debug|Any CPU
		{50B9CC54-918D-4831-80C4-AA2CA42F57F1}.Debug|Mixed Platforms.Build.0 = Debug|Any CPU
		{50B9CC54-918D-4831-80C4-AA2CA42F57F1}.Debug|x64.ActiveCfg = Debug|Any CPU
		{50B9CC54-918D-4831-80C4-AA2CA42F57F1}.Debug|x86.ActiveCfg = Debug|Any CPU
		{50B9CC54-918D-4831-80C4-AA2CA42F57F1}.Release|Any CPU.ActiveCfg = Release|Any CPU
		{50B9CC54-918D-4831-80C4-AA2CA42F57F1}.Release|Any CPU.Build.0 = Release|Any CPU
		{50B9CC54-918D-4831-80C4-AA2CA42F57F1}.Release|Mixed Platforms.ActiveCfg = Release|Any CPU
		{50B9CC54-918D-4831-80C4-AA2CA42F57F1}.Release|x64.ActiveCfg = Release|Any CPU
		{50B9CC54-918D-4831-80C4-AA2CA42F57F1}.Release|x86.ActiveCfg = Release|Any CPU
		{467929AF-0648-4716-8631-DE4C045B1A8D}.Debug|Any CPU.ActiveCfg = Debug|Any CPU
		{467929AF-0648-4716-8631-DE4C045B1A8D}.Debug|Any CPU.Build.0 = Debug|Any CPU
		{467929AF-0648-4716-8631-DE4C045B1A8D}.Debug|Mixed Platforms.ActiveCfg = Debug|Any CPU
		{467929AF-0648-4716-8631-DE4C045B1A8D}.Debug|Mixed Platforms.Build.0 = Debug|Any CPU
		{467929AF-0648-4716-8631-DE4C045B1A8D}.Debug|x64.ActiveCfg = Debug|Any CPU
		{467929AF-0648-4716-8631-DE4C045B1A8D}.Debug|x86.ActiveCfg = Debug|Any CPU
		{467929AF-0648-4716-8631-DE4C045B1A8D}.Release|Any CPU.ActiveCfg = Release|Any CPU
		{467929AF-0648-4716-8631-DE4C045B1A8D}.Release|Any CPU.Build.0 = Release|Any CPU
		{467929AF-0648-4716-8631-DE4C045B1A8D}.Release|Mixed Platforms.ActiveCfg = Release|Any CPU
		{467929AF-0648-4716-8631-DE4C045B1A8D}.Release|Mixed Platforms.Build.0 = Release|Any CPU
		{467929AF-0648-4716-8631-DE4C045B1A8D}.Release|x64.ActiveCfg = Release|Any CPU
		{467929AF-0648-4716-8631-DE4C045B1A8D}.Release|x86.ActiveCfg = Release|Any CPU
		{8216E3F6-DC1C-456E-AEE0-43FB5FBA6A5D}.Debug|Any CPU.ActiveCfg = Debug|Any CPU
		{8216E3F6-DC1C-456E-AEE0-43FB5FBA6A5D}.Debug|Any CPU.Build.0 = Debug|Any CPU
		{8216E3F6-DC1C-456E-AEE0-43FB5FBA6A5D}.Debug|Mixed Platforms.ActiveCfg = Debug|Any CPU
		{8216E3F6-DC1C-456E-AEE0-43FB5FBA6A5D}.Debug|Mixed Platforms.Build.0 = Debug|Any CPU
		{8216E3F6-DC1C-456E-AEE0-43FB5FBA6A5D}.Debug|x64.ActiveCfg = Debug|Any CPU
		{8216E3F6-DC1C-456E-AEE0-43FB5FBA6A5D}.Debug|x86.ActiveCfg = Debug|Any CPU
		{8216E3F6-DC1C-456E-AEE0-43FB5FBA6A5D}.Release|Any CPU.ActiveCfg = Release|Any CPU
		{8216E3F6-DC1C-456E-AEE0-43FB5FBA6A5D}.Release|Any CPU.Build.0 = Release|Any CPU
		{8216E3F6-DC1C-456E-AEE0-43FB5FBA6A5D}.Release|Mixed Platforms.ActiveCfg = Release|Any CPU
		{8216E3F6-DC1C-456E-AEE0-43FB5FBA6A5D}.Release|Mixed Platforms.Build.0 = Release|Any CPU
		{8216E3F6-DC1C-456E-AEE0-43FB5FBA6A5D}.Release|x64.ActiveCfg = Release|Any CPU
		{8216E3F6-DC1C-456E-AEE0-43FB5FBA6A5D}.Release|x86.ActiveCfg = Release|Any CPU
		{64291654-31EA-465B-9D33-720501ABA200}.Debug|Any CPU.ActiveCfg = Debug|Any CPU
		{64291654-31EA-465B-9D33-720501ABA200}.Debug|Any CPU.Build.0 = Debug|Any CPU
		{64291654-31EA-465B-9D33-720501ABA200}.Debug|Mixed Platforms.ActiveCfg = Debug|Any CPU
		{64291654-31EA-465B-9D33-720501ABA200}.Debug|Mixed Platforms.Build.0 = Debug|Any CPU
		{64291654-31EA-465B-9D33-720501ABA200}.Debug|x64.ActiveCfg = Debug|Any CPU
		{64291654-31EA-465B-9D33-720501ABA200}.Debug|x86.ActiveCfg = Debug|Any CPU
		{64291654-31EA-465B-9D33-720501ABA200}.Release|Any CPU.ActiveCfg = Release|Any CPU
		{64291654-31EA-465B-9D33-720501ABA200}.Release|Any CPU.Build.0 = Release|Any CPU
		{64291654-31EA-465B-9D33-720501ABA200}.Release|Mixed Platforms.ActiveCfg = Release|Any CPU
		{64291654-31EA-465B-9D33-720501ABA200}.Release|Mixed Platforms.Build.0 = Release|Any CPU
		{64291654-31EA-465B-9D33-720501ABA200}.Release|x64.ActiveCfg = Release|Any CPU
		{64291654-31EA-465B-9D33-720501ABA200}.Release|x86.ActiveCfg = Release|Any CPU
		{6D8F9DFC-CAD5-4ECE-B2DC-CE143F302E64}.Debug|Any CPU.ActiveCfg = Debug|Any CPU
		{6D8F9DFC-CAD5-4ECE-B2DC-CE143F302E64}.Debug|Any CPU.Build.0 = Debug|Any CPU
		{6D8F9DFC-CAD5-4ECE-B2DC-CE143F302E64}.Debug|Mixed Platforms.ActiveCfg = Debug|Any CPU
		{6D8F9DFC-CAD5-4ECE-B2DC-CE143F302E64}.Debug|Mixed Platforms.Build.0 = Debug|Any CPU
		{6D8F9DFC-CAD5-4ECE-B2DC-CE143F302E64}.Debug|x64.ActiveCfg = Debug|Any CPU
		{6D8F9DFC-CAD5-4ECE-B2DC-CE143F302E64}.Debug|x86.ActiveCfg = Debug|Any CPU
		{6D8F9DFC-CAD5-4ECE-B2DC-CE143F302E64}.Release|Any CPU.ActiveCfg = Release|Any CPU
		{6D8F9DFC-CAD5-4ECE-B2DC-CE143F302E64}.Release|Any CPU.Build.0 = Release|Any CPU
		{6D8F9DFC-CAD5-4ECE-B2DC-CE143F302E64}.Release|Mixed Platforms.ActiveCfg = Release|Any CPU
		{6D8F9DFC-CAD5-4ECE-B2DC-CE143F302E64}.Release|Mixed Platforms.Build.0 = Release|Any CPU
		{6D8F9DFC-CAD5-4ECE-B2DC-CE143F302E64}.Release|x64.ActiveCfg = Release|Any CPU
		{6D8F9DFC-CAD5-4ECE-B2DC-CE143F302E64}.Release|x86.ActiveCfg = Release|Any CPU
		{E9864F26-1F24-4A2B-9463-FBF5370B90DE}.Debug|Any CPU.ActiveCfg = Debug|Any CPU
		{E9864F26-1F24-4A2B-9463-FBF5370B90DE}.Debug|Any CPU.Build.0 = Debug|Any CPU
		{E9864F26-1F24-4A2B-9463-FBF5370B90DE}.Debug|Mixed Platforms.ActiveCfg = Debug|Any CPU
		{E9864F26-1F24-4A2B-9463-FBF5370B90DE}.Debug|Mixed Platforms.Build.0 = Debug|Any CPU
		{E9864F26-1F24-4A2B-9463-FBF5370B90DE}.Debug|x64.ActiveCfg = Debug|Any CPU
		{E9864F26-1F24-4A2B-9463-FBF5370B90DE}.Debug|x86.ActiveCfg = Debug|Any CPU
		{E9864F26-1F24-4A2B-9463-FBF5370B90DE}.Release|Any CPU.ActiveCfg = Release|Any CPU
		{E9864F26-1F24-4A2B-9463-FBF5370B90DE}.Release|Any CPU.Build.0 = Release|Any CPU
		{E9864F26-1F24-4A2B-9463-FBF5370B90DE}.Release|Mixed Platforms.ActiveCfg = Release|Any CPU
		{E9864F26-1F24-4A2B-9463-FBF5370B90DE}.Release|Mixed Platforms.Build.0 = Release|Any CPU
		{E9864F26-1F24-4A2B-9463-FBF5370B90DE}.Release|x64.ActiveCfg = Release|Any CPU
		{E9864F26-1F24-4A2B-9463-FBF5370B90DE}.Release|x86.ActiveCfg = Release|Any CPU
		{0987BCAD-4E3F-4FF0-B100-04BBCC817848}.Debug|Any CPU.ActiveCfg = Debug|x86
		{0987BCAD-4E3F-4FF0-B100-04BBCC817848}.Debug|Mixed Platforms.ActiveCfg = Debug|x86
		{0987BCAD-4E3F-4FF0-B100-04BBCC817848}.Debug|Mixed Platforms.Build.0 = Debug|x86
		{0987BCAD-4E3F-4FF0-B100-04BBCC817848}.Debug|x64.ActiveCfg = Debug|x86
		{0987BCAD-4E3F-4FF0-B100-04BBCC817848}.Debug|x86.ActiveCfg = Debug|x86
		{0987BCAD-4E3F-4FF0-B100-04BBCC817848}.Debug|x86.Build.0 = Debug|x86
		{0987BCAD-4E3F-4FF0-B100-04BBCC817848}.Release|Any CPU.ActiveCfg = Release|x86
		{0987BCAD-4E3F-4FF0-B100-04BBCC817848}.Release|Mixed Platforms.ActiveCfg = Release|x86
		{0987BCAD-4E3F-4FF0-B100-04BBCC817848}.Release|Mixed Platforms.Build.0 = Release|x86
		{0987BCAD-4E3F-4FF0-B100-04BBCC817848}.Release|x64.ActiveCfg = Release|x86
		{0987BCAD-4E3F-4FF0-B100-04BBCC817848}.Release|x86.ActiveCfg = Release|x86
		{0987BCAD-4E3F-4FF0-B100-04BBCC817848}.Release|x86.Build.0 = Release|x86
		{BDA43828-4321-4EFC-A2AC-04BB87360FC5}.Debug|Any CPU.ActiveCfg = Debug|x86
		{BDA43828-4321-4EFC-A2AC-04BB87360FC5}.Debug|Mixed Platforms.ActiveCfg = Debug|x86
		{BDA43828-4321-4EFC-A2AC-04BB87360FC5}.Debug|Mixed Platforms.Build.0 = Debug|x86
		{BDA43828-4321-4EFC-A2AC-04BB87360FC5}.Debug|x64.ActiveCfg = Debug|x86
		{BDA43828-4321-4EFC-A2AC-04BB87360FC5}.Debug|x86.ActiveCfg = Debug|x86
		{BDA43828-4321-4EFC-A2AC-04BB87360FC5}.Debug|x86.Build.0 = Debug|x86
		{BDA43828-4321-4EFC-A2AC-04BB87360FC5}.Release|Any CPU.ActiveCfg = Release|x86
		{BDA43828-4321-4EFC-A2AC-04BB87360FC5}.Release|Mixed Platforms.ActiveCfg = Release|x86
		{BDA43828-4321-4EFC-A2AC-04BB87360FC5}.Release|Mixed Platforms.Build.0 = Release|x86
		{BDA43828-4321-4EFC-A2AC-04BB87360FC5}.Release|x64.ActiveCfg = Release|x86
		{BDA43828-4321-4EFC-A2AC-04BB87360FC5}.Release|x86.ActiveCfg = Release|x86
		{BDA43828-4321-4EFC-A2AC-04BB87360FC5}.Release|x86.Build.0 = Release|x86
		{D2EB8DC7-AC75-4C24-8029-EB08BE367136}.Debug|Any CPU.ActiveCfg = Debug|Any CPU
		{D2EB8DC7-AC75-4C24-8029-EB08BE367136}.Debug|Any CPU.Build.0 = Debug|Any CPU
		{D2EB8DC7-AC75-4C24-8029-EB08BE367136}.Debug|Mixed Platforms.ActiveCfg = Debug|Any CPU
		{D2EB8DC7-AC75-4C24-8029-EB08BE367136}.Debug|Mixed Platforms.Build.0 = Debug|Any CPU
		{D2EB8DC7-AC75-4C24-8029-EB08BE367136}.Debug|x64.ActiveCfg = Debug|Any CPU
		{D2EB8DC7-AC75-4C24-8029-EB08BE367136}.Debug|x86.ActiveCfg = Debug|Any CPU
		{D2EB8DC7-AC75-4C24-8029-EB08BE367136}.Release|Any CPU.ActiveCfg = Release|Any CPU
		{D2EB8DC7-AC75-4C24-8029-EB08BE367136}.Release|Any CPU.Build.0 = Release|Any CPU
		{D2EB8DC7-AC75-4C24-8029-EB08BE367136}.Release|Mixed Platforms.ActiveCfg = Release|Any CPU
		{D2EB8DC7-AC75-4C24-8029-EB08BE367136}.Release|Mixed Platforms.Build.0 = Release|Any CPU
		{D2EB8DC7-AC75-4C24-8029-EB08BE367136}.Release|x64.ActiveCfg = Release|Any CPU
		{D2EB8DC7-AC75-4C24-8029-EB08BE367136}.Release|x86.ActiveCfg = Release|Any CPU
		{69A3DB7D-29D7-4E72-8794-9A72A9960CE7}.Debug|Any CPU.ActiveCfg = Debug|Any CPU
		{69A3DB7D-29D7-4E72-8794-9A72A9960CE7}.Debug|Any CPU.Build.0 = Debug|Any CPU
		{69A3DB7D-29D7-4E72-8794-9A72A9960CE7}.Debug|Mixed Platforms.ActiveCfg = Debug|Any CPU
		{69A3DB7D-29D7-4E72-8794-9A72A9960CE7}.Debug|Mixed Platforms.Build.0 = Debug|Any CPU
		{69A3DB7D-29D7-4E72-8794-9A72A9960CE7}.Debug|x64.ActiveCfg = Debug|Any CPU
		{69A3DB7D-29D7-4E72-8794-9A72A9960CE7}.Debug|x86.ActiveCfg = Debug|Any CPU
		{69A3DB7D-29D7-4E72-8794-9A72A9960CE7}.Release|Any CPU.ActiveCfg = Release|Any CPU
		{69A3DB7D-29D7-4E72-8794-9A72A9960CE7}.Release|Any CPU.Build.0 = Release|Any CPU
		{69A3DB7D-29D7-4E72-8794-9A72A9960CE7}.Release|Mixed Platforms.ActiveCfg = Release|Any CPU
		{69A3DB7D-29D7-4E72-8794-9A72A9960CE7}.Release|Mixed Platforms.Build.0 = Release|Any CPU
		{69A3DB7D-29D7-4E72-8794-9A72A9960CE7}.Release|x64.ActiveCfg = Release|Any CPU
		{69A3DB7D-29D7-4E72-8794-9A72A9960CE7}.Release|x86.ActiveCfg = Release|Any CPU
		{0E6738CB-2055-45A1-A85A-E4308CD967B8}.Debug|Any CPU.ActiveCfg = Debug|Any CPU
		{0E6738CB-2055-45A1-A85A-E4308CD967B8}.Debug|Any CPU.Build.0 = Debug|Any CPU
		{0E6738CB-2055-45A1-A85A-E4308CD967B8}.Debug|Mixed Platforms.ActiveCfg = Debug|Any CPU
		{0E6738CB-2055-45A1-A85A-E4308CD967B8}.Debug|Mixed Platforms.Build.0 = Debug|Any CPU
		{0E6738CB-2055-45A1-A85A-E4308CD967B8}.Debug|x64.ActiveCfg = Debug|Any CPU
		{0E6738CB-2055-45A1-A85A-E4308CD967B8}.Debug|x86.ActiveCfg = Debug|Any CPU
		{0E6738CB-2055-45A1-A85A-E4308CD967B8}.Release|Any CPU.ActiveCfg = Release|Any CPU
		{0E6738CB-2055-45A1-A85A-E4308CD967B8}.Release|Any CPU.Build.0 = Release|Any CPU
		{0E6738CB-2055-45A1-A85A-E4308CD967B8}.Release|Mixed Platforms.ActiveCfg = Release|Any CPU
		{0E6738CB-2055-45A1-A85A-E4308CD967B8}.Release|Mixed Platforms.Build.0 = Release|Any CPU
		{0E6738CB-2055-45A1-A85A-E4308CD967B8}.Release|x64.ActiveCfg = Release|Any CPU
		{0E6738CB-2055-45A1-A85A-E4308CD967B8}.Release|x86.ActiveCfg = Release|Any CPU
		{8B3A372B-E76E-4848-BE61-1D4436AC06AB}.Debug|Any CPU.ActiveCfg = Debug|Any CPU
		{8B3A372B-E76E-4848-BE61-1D4436AC06AB}.Debug|Any CPU.Build.0 = Debug|Any CPU
		{8B3A372B-E76E-4848-BE61-1D4436AC06AB}.Debug|Mixed Platforms.ActiveCfg = Debug|Any CPU
		{8B3A372B-E76E-4848-BE61-1D4436AC06AB}.Debug|Mixed Platforms.Build.0 = Debug|Any CPU
		{8B3A372B-E76E-4848-BE61-1D4436AC06AB}.Debug|x64.ActiveCfg = Debug|Any CPU
		{8B3A372B-E76E-4848-BE61-1D4436AC06AB}.Debug|x86.ActiveCfg = Debug|Any CPU
		{8B3A372B-E76E-4848-BE61-1D4436AC06AB}.Release|Any CPU.ActiveCfg = Release|Any CPU
		{8B3A372B-E76E-4848-BE61-1D4436AC06AB}.Release|Any CPU.Build.0 = Release|Any CPU
		{8B3A372B-E76E-4848-BE61-1D4436AC06AB}.Release|Mixed Platforms.ActiveCfg = Release|Any CPU
		{8B3A372B-E76E-4848-BE61-1D4436AC06AB}.Release|Mixed Platforms.Build.0 = Release|Any CPU
		{8B3A372B-E76E-4848-BE61-1D4436AC06AB}.Release|x64.ActiveCfg = Release|Any CPU
		{8B3A372B-E76E-4848-BE61-1D4436AC06AB}.Release|x86.ActiveCfg = Release|Any CPU
		{B98E0F6C-4026-4BF1-B5E6-1FDCB445618C}.Debug|Any CPU.ActiveCfg = Debug|Any CPU
		{B98E0F6C-4026-4BF1-B5E6-1FDCB445618C}.Debug|Any CPU.Build.0 = Debug|Any CPU
		{B98E0F6C-4026-4BF1-B5E6-1FDCB445618C}.Debug|Mixed Platforms.ActiveCfg = Debug|Any CPU
		{B98E0F6C-4026-4BF1-B5E6-1FDCB445618C}.Debug|Mixed Platforms.Build.0 = Debug|Any CPU
		{B98E0F6C-4026-4BF1-B5E6-1FDCB445618C}.Debug|x64.ActiveCfg = Debug|Any CPU
		{B98E0F6C-4026-4BF1-B5E6-1FDCB445618C}.Debug|x86.ActiveCfg = Debug|Any CPU
		{B98E0F6C-4026-4BF1-B5E6-1FDCB445618C}.Release|Any CPU.ActiveCfg = Release|Any CPU
		{B98E0F6C-4026-4BF1-B5E6-1FDCB445618C}.Release|Any CPU.Build.0 = Release|Any CPU
		{B98E0F6C-4026-4BF1-B5E6-1FDCB445618C}.Release|Mixed Platforms.ActiveCfg = Release|Any CPU
		{B98E0F6C-4026-4BF1-B5E6-1FDCB445618C}.Release|Mixed Platforms.Build.0 = Release|Any CPU
		{B98E0F6C-4026-4BF1-B5E6-1FDCB445618C}.Release|x64.ActiveCfg = Release|Any CPU
		{B98E0F6C-4026-4BF1-B5E6-1FDCB445618C}.Release|x86.ActiveCfg = Release|Any CPU
		{F227ABF5-50F9-4940-8159-7A028FB5F444}.Debug|Any CPU.ActiveCfg = Debug|Any CPU
		{F227ABF5-50F9-4940-8159-7A028FB5F444}.Debug|Any CPU.Build.0 = Debug|Any CPU
		{F227ABF5-50F9-4940-8159-7A028FB5F444}.Debug|Mixed Platforms.ActiveCfg = Debug|Any CPU
		{F227ABF5-50F9-4940-8159-7A028FB5F444}.Debug|Mixed Platforms.Build.0 = Debug|Any CPU
		{F227ABF5-50F9-4940-8159-7A028FB5F444}.Debug|x64.ActiveCfg = Debug|Any CPU
		{F227ABF5-50F9-4940-8159-7A028FB5F444}.Debug|x86.ActiveCfg = Debug|Any CPU
		{F227ABF5-50F9-4940-8159-7A028FB5F444}.Release|Any CPU.ActiveCfg = Release|Any CPU
		{F227ABF5-50F9-4940-8159-7A028FB5F444}.Release|Any CPU.Build.0 = Release|Any CPU
		{F227ABF5-50F9-4940-8159-7A028FB5F444}.Release|Mixed Platforms.ActiveCfg = Release|Any CPU
		{F227ABF5-50F9-4940-8159-7A028FB5F444}.Release|Mixed Platforms.Build.0 = Release|Any CPU
		{F227ABF5-50F9-4940-8159-7A028FB5F444}.Release|x64.ActiveCfg = Release|Any CPU
		{F227ABF5-50F9-4940-8159-7A028FB5F444}.Release|x86.ActiveCfg = Release|Any CPU
		{D1931470-A365-482C-AE5D-51A394B0FF19}.Debug|Any CPU.ActiveCfg = Debug|Any CPU
		{D1931470-A365-482C-AE5D-51A394B0FF19}.Debug|Any CPU.Build.0 = Debug|Any CPU
		{D1931470-A365-482C-AE5D-51A394B0FF19}.Debug|Mixed Platforms.ActiveCfg = Debug|Any CPU
		{D1931470-A365-482C-AE5D-51A394B0FF19}.Debug|Mixed Platforms.Build.0 = Debug|Any CPU
		{D1931470-A365-482C-AE5D-51A394B0FF19}.Debug|x64.ActiveCfg = Debug|Any CPU
		{D1931470-A365-482C-AE5D-51A394B0FF19}.Debug|x86.ActiveCfg = Debug|Any CPU
		{D1931470-A365-482C-AE5D-51A394B0FF19}.Release|Any CPU.ActiveCfg = Release|Any CPU
		{D1931470-A365-482C-AE5D-51A394B0FF19}.Release|Any CPU.Build.0 = Release|Any CPU
		{D1931470-A365-482C-AE5D-51A394B0FF19}.Release|Mixed Platforms.ActiveCfg = Release|Any CPU
		{D1931470-A365-482C-AE5D-51A394B0FF19}.Release|Mixed Platforms.Build.0 = Release|Any CPU
		{D1931470-A365-482C-AE5D-51A394B0FF19}.Release|x64.ActiveCfg = Release|Any CPU
		{D1931470-A365-482C-AE5D-51A394B0FF19}.Release|x86.ActiveCfg = Release|Any CPU
	EndGlobalSection
	GlobalSection(SolutionProperties) = preSolution
		HideSolutionNode = FALSE
	EndGlobalSection
	GlobalSection(NestedProjects) = preSolution
		{C2043A9A-A7CA-43AC-A4DF-318A32BCB165} = {F88286F8-F775-4BDB-A706-265D5593AD48}
		{26FC15DE-EFDA-403A-8284-1E2A4AE8A9D8} = {F88286F8-F775-4BDB-A706-265D5593AD48}
		{84AE0BC9-B169-4B44-B320-4825D027BD2C} = {F88286F8-F775-4BDB-A706-265D5593AD48}
		{182FAEC4-3133-4D14-9BE5-5B8718752EE1} = {F88286F8-F775-4BDB-A706-265D5593AD48}
		{7C9A72A3-E426-4312-9F31-AE340B0EF4C8} = {F88286F8-F775-4BDB-A706-265D5593AD48}
		{165389E7-414D-49BB-B958-4B521AA1D452} = {F88286F8-F775-4BDB-A706-265D5593AD48}
		{B20A9A31-0E43-4193-A7AB-7DBB7D1DC6BC} = {F88286F8-F775-4BDB-A706-265D5593AD48}
		{41347471-8AFE-4226-B683-666C747BAFB5} = {F88286F8-F775-4BDB-A706-265D5593AD48}
		{50B9CC54-918D-4831-80C4-AA2CA42F57F1} = {F88286F8-F775-4BDB-A706-265D5593AD48}
		{8216E3F6-DC1C-456E-AEE0-43FB5FBA6A5D} = {F88286F8-F775-4BDB-A706-265D5593AD48}
		{D2EB8DC7-AC75-4C24-8029-EB08BE367136} = {F88286F8-F775-4BDB-A706-265D5593AD48}
		{69A3DB7D-29D7-4E72-8794-9A72A9960CE7} = {F88286F8-F775-4BDB-A706-265D5593AD48}
		{0E6738CB-2055-45A1-A85A-E4308CD967B8} = {F88286F8-F775-4BDB-A706-265D5593AD48}
		{D1931470-A365-482C-AE5D-51A394B0FF19} = {F88286F8-F775-4BDB-A706-265D5593AD48}
		{768D57BD-44C4-417F-9DA3-EA81D3684A82} = {B021036C-98A6-4E97-BC08-DE3B1E3187D0}
		{691475D1-6EDC-4FC8-A8D3-E12721FCD117} = {B021036C-98A6-4E97-BC08-DE3B1E3187D0}
		{0987BCAD-4E3F-4FF0-B100-04BBCC817848} = {B021036C-98A6-4E97-BC08-DE3B1E3187D0}
		{BDA43828-4321-4EFC-A2AC-04BB87360FC5} = {B021036C-98A6-4E97-BC08-DE3B1E3187D0}
		{4A871ACD-7374-4349-A310-432CD99B09FF} = {734E0BA3-8DD9-484E-A3AB-992A76F3A06B}
		{467929AF-0648-4716-8631-DE4C045B1A8D} = {734E0BA3-8DD9-484E-A3AB-992A76F3A06B}
		{64291654-31EA-465B-9D33-720501ABA200} = {734E0BA3-8DD9-484E-A3AB-992A76F3A06B}
		{6D8F9DFC-CAD5-4ECE-B2DC-CE143F302E64} = {734E0BA3-8DD9-484E-A3AB-992A76F3A06B}
		{E9864F26-1F24-4A2B-9463-FBF5370B90DE} = {734E0BA3-8DD9-484E-A3AB-992A76F3A06B}
		{8B3A372B-E76E-4848-BE61-1D4436AC06AB} = {734E0BA3-8DD9-484E-A3AB-992A76F3A06B}
		{B98E0F6C-4026-4BF1-B5E6-1FDCB445618C} = {734E0BA3-8DD9-484E-A3AB-992A76F3A06B}
		{F227ABF5-50F9-4940-8159-7A028FB5F444} = {734E0BA3-8DD9-484E-A3AB-992A76F3A06B}
		{E7695FEC-151B-4B07-A553-9A1125053F8A} = {3C2804CF-E30D-40F6-8B46-69672920CFE6}
		{26F5BA57-4B1D-4B26-92ED-22343A303614} = {3C2804CF-E30D-40F6-8B46-69672920CFE6}
	EndGlobalSection
EndGlobal
