
Microsoft Visual Studio Solution File, Format Version 9.00
# Visual Studio 2005
Project("{FAE04EC0-301F-11D3-BF4B-00C04F79EFBC}") = "ImageMatch", "ImageMatch\ImageMatch.csproj", "{4C3D7908-E286-41F8-9351-7D03AD978ED6}"
EndProject
Project("{FAE04EC0-301F-11D3-BF4B-00C04F79EFBC}") = "Iridium", "..\..\..\Util\MathNet.Iridium-2007.3.8\Source\Library\Iridium.csproj", "{26FC15DE-EFDA-403A-8284-1E2A4AE8A9D8}"
EndProject
Project("{FAE04EC0-301F-11D3-BF4B-00C04F79EFBC}") = "Sketch", "..\..\..\Util\Sketch\Sketch.csproj", "{84AE0BC9-B169-4B44-B320-4825D027BD2C}"
EndProject
Project("{FAE04EC0-301F-11D3-BF4B-00C04F79EFBC}") = "Featurefy", "..\..\Featurefy\Featurefy.csproj", "{C2043A9A-A7CA-43AC-A4DF-318A32BCB165}"
EndProject
Project("{FAE04EC0-301F-11D3-BF4B-00C04F79EFBC}") = "SymbolRec", "..\SymbolRec.csproj", "{E96E2B9D-2C80-4961-9ABA-FC1E1B6280F6}"
EndProject
Project("{FAE04EC0-301F-11D3-BF4B-00C04F79EFBC}") = "ConverterXML", "..\..\..\Util\ConverterXML\ConverterXML.csproj", "{165389E7-414D-49BB-B958-4B521AA1D452}"
EndProject
Project("{FAE04EC0-301F-11D3-BF4B-00C04F79EFBC}") = "ConverterJnt", "..\..\..\Util\ConverterJnt\ConverterJnt.csproj", "{03FC5A8F-F2B7-48A5-9871-7E7B33AB3048}"
EndProject
Project("{FAE04EC0-301F-11D3-BF4B-00C04F79EFBC}") = "Svm", "..\..\Svm\Svm\Svm.csproj", "{E880953B-FF08-407B-8617-04E95B36AE84}"
EndProject
Project("{FAE04EC0-301F-11D3-BF4B-00C04F79EFBC}") = "Metrics", "..\..\..\Util\Metrics\Metrics.csproj", "{D4C849D4-0BFC-4602-9E87-F43ADE00A8CA}"
EndProject
Project("{FAE04EC0-301F-11D3-BF4B-00C04F79EFBC}") = "Recognizers", "..\..\Recognizers\Recognizers.csproj", "{3B43E303-2C6B-452D-ABCC-BE0B94410A63}"
EndProject
Project("{FAE04EC0-301F-11D3-BF4B-00C04F79EFBC}") = "PairedList", "..\..\..\Util\PairedList\PairedList.csproj", "{EECB7959-5B70-4B21-950C-EFCDDE2139CB}"
EndProject
Project("{FAE04EC0-301F-11D3-BF4B-00C04F79EFBC}") = "Files", "..\..\..\Util\Files\Files.csproj", "{A92F7726-4185-4B50-866B-2608C790FD92}"
EndProject
Global
	GlobalSection(SolutionConfigurationPlatforms) = preSolution
		Debug|Any CPU = Debug|Any CPU
		Release|Any CPU = Release|Any CPU
	EndGlobalSection
	GlobalSection(ProjectConfigurationPlatforms) = postSolution
		{4C3D7908-E286-41F8-9351-7D03AD978ED6}.Debug|Any CPU.ActiveCfg = Debug|Any CPU
		{4C3D7908-E286-41F8-9351-7D03AD978ED6}.Debug|Any CPU.Build.0 = Debug|Any CPU
		{4C3D7908-E286-41F8-9351-7D03AD978ED6}.Release|Any CPU.ActiveCfg = Release|Any CPU
		{4C3D7908-E286-41F8-9351-7D03AD978ED6}.Release|Any CPU.Build.0 = Release|Any CPU
		{26FC15DE-EFDA-403A-8284-1E2A4AE8A9D8}.Debug|Any CPU.ActiveCfg = Debug|Any CPU
		{26FC15DE-EFDA-403A-8284-1E2A4AE8A9D8}.Debug|Any CPU.Build.0 = Debug|Any CPU
		{26FC15DE-EFDA-403A-8284-1E2A4AE8A9D8}.Release|Any CPU.ActiveCfg = Release|Any CPU
		{26FC15DE-EFDA-403A-8284-1E2A4AE8A9D8}.Release|Any CPU.Build.0 = Release|Any CPU
		{84AE0BC9-B169-4B44-B320-4825D027BD2C}.Debug|Any CPU.ActiveCfg = Debug|Any CPU
		{84AE0BC9-B169-4B44-B320-4825D027BD2C}.Debug|Any CPU.Build.0 = Debug|Any CPU
		{84AE0BC9-B169-4B44-B320-4825D027BD2C}.Release|Any CPU.ActiveCfg = Release|Any CPU
		{84AE0BC9-B169-4B44-B320-4825D027BD2C}.Release|Any CPU.Build.0 = Release|Any CPU
		{C2043A9A-A7CA-43AC-A4DF-318A32BCB165}.Debug|Any CPU.ActiveCfg = Debug|Any CPU
		{C2043A9A-A7CA-43AC-A4DF-318A32BCB165}.Debug|Any CPU.Build.0 = Debug|Any CPU
		{C2043A9A-A7CA-43AC-A4DF-318A32BCB165}.Release|Any CPU.ActiveCfg = Release|Any CPU
		{C2043A9A-A7CA-43AC-A4DF-318A32BCB165}.Release|Any CPU.Build.0 = Release|Any CPU
		{E96E2B9D-2C80-4961-9ABA-FC1E1B6280F6}.Debug|Any CPU.ActiveCfg = Debug|Any CPU
		{E96E2B9D-2C80-4961-9ABA-FC1E1B6280F6}.Debug|Any CPU.Build.0 = Debug|Any CPU
		{E96E2B9D-2C80-4961-9ABA-FC1E1B6280F6}.Release|Any CPU.ActiveCfg = Release|Any CPU
		{E96E2B9D-2C80-4961-9ABA-FC1E1B6280F6}.Release|Any CPU.Build.0 = Release|Any CPU
		{165389E7-414D-49BB-B958-4B521AA1D452}.Debug|Any CPU.ActiveCfg = Debug|Any CPU
		{165389E7-414D-49BB-B958-4B521AA1D452}.Debug|Any CPU.Build.0 = Debug|Any CPU
		{165389E7-414D-49BB-B958-4B521AA1D452}.Release|Any CPU.ActiveCfg = Release|Any CPU
		{165389E7-414D-49BB-B958-4B521AA1D452}.Release|Any CPU.Build.0 = Release|Any CPU
		{03FC5A8F-F2B7-48A5-9871-7E7B33AB3048}.Debug|Any CPU.ActiveCfg = Debug|Any CPU
		{03FC5A8F-F2B7-48A5-9871-7E7B33AB3048}.Debug|Any CPU.Build.0 = Debug|Any CPU
		{03FC5A8F-F2B7-48A5-9871-7E7B33AB3048}.Release|Any CPU.ActiveCfg = Release|Any CPU
		{03FC5A8F-F2B7-48A5-9871-7E7B33AB3048}.Release|Any CPU.Build.0 = Release|Any CPU
		{E880953B-FF08-407B-8617-04E95B36AE84}.Debug|Any CPU.ActiveCfg = Debug|Any CPU
		{E880953B-FF08-407B-8617-04E95B36AE84}.Debug|Any CPU.Build.0 = Debug|Any CPU
		{E880953B-FF08-407B-8617-04E95B36AE84}.Release|Any CPU.ActiveCfg = Release|Any CPU
		{E880953B-FF08-407B-8617-04E95B36AE84}.Release|Any CPU.Build.0 = Release|Any CPU
		{D4C849D4-0BFC-4602-9E87-F43ADE00A8CA}.Debug|Any CPU.ActiveCfg = Debug|Any CPU
		{D4C849D4-0BFC-4602-9E87-F43ADE00A8CA}.Debug|Any CPU.Build.0 = Debug|Any CPU
		{D4C849D4-0BFC-4602-9E87-F43ADE00A8CA}.Release|Any CPU.ActiveCfg = Release|Any CPU
		{D4C849D4-0BFC-4602-9E87-F43ADE00A8CA}.Release|Any CPU.Build.0 = Release|Any CPU
		{3B43E303-2C6B-452D-ABCC-BE0B94410A63}.Debug|Any CPU.ActiveCfg = Debug|Any CPU
		{3B43E303-2C6B-452D-ABCC-BE0B94410A63}.Debug|Any CPU.Build.0 = Debug|Any CPU
		{3B43E303-2C6B-452D-ABCC-BE0B94410A63}.Release|Any CPU.ActiveCfg = Release|Any CPU
		{3B43E303-2C6B-452D-ABCC-BE0B94410A63}.Release|Any CPU.Build.0 = Release|Any CPU
		{EECB7959-5B70-4B21-950C-EFCDDE2139CB}.Debug|Any CPU.ActiveCfg = Debug|Any CPU
		{EECB7959-5B70-4B21-950C-EFCDDE2139CB}.Debug|Any CPU.Build.0 = Debug|Any CPU
		{EECB7959-5B70-4B21-950C-EFCDDE2139CB}.Release|Any CPU.ActiveCfg = Release|Any CPU
		{EECB7959-5B70-4B21-950C-EFCDDE2139CB}.Release|Any CPU.Build.0 = Release|Any CPU
		{A92F7726-4185-4B50-866B-2608C790FD92}.Debug|Any CPU.ActiveCfg = Debug|Any CPU
		{A92F7726-4185-4B50-866B-2608C790FD92}.Debug|Any CPU.Build.0 = Debug|Any CPU
		{A92F7726-4185-4B50-866B-2608C790FD92}.Release|Any CPU.ActiveCfg = Release|Any CPU
		{A92F7726-4185-4B50-866B-2608C790FD92}.Release|Any CPU.Build.0 = Release|Any CPU
	EndGlobalSection
	GlobalSection(SolutionProperties) = preSolution
		HideSolutionNode = FALSE
	EndGlobalSection
EndGlobal
