
Microsoft Visual Studio Solution File, Format Version 9.00
# Visual Studio 2005
Project("{FAE04EC0-301F-11D3-BF4B-00C04F79EFBC}") = "TestRecognition", "TestRecognition\TestRecognition.csproj", "{8CD906CF-07F0-49C0-9464-47D546E14FCF}"
	ProjectSection(ProjectDependencies) = postProject
		{3B43E303-2C6B-452D-ABCC-BE0B94410A63} = {3B43E303-2C6B-452D-ABCC-BE0B94410A63}
		{84AE0BC9-B169-4B44-B320-4825D027BD2C} = {84AE0BC9-B169-4B44-B320-4825D027BD2C}
	EndProjectSection
EndProject
Project("{FAE04EC0-301F-11D3-BF4B-00C04F79EFBC}") = "Recognizers", "..\..\Recognition\Recognizers\Recognizers.csproj", "{3B43E303-2C6B-452D-ABCC-BE0B94410A63}"
EndProject
Project("{FAE04EC0-301F-11D3-BF4B-00C04F79EFBC}") = "Sketch", "..\Sketch\Sketch.csproj", "{84AE0BC9-B169-4B44-B320-4825D027BD2C}"
EndProject
Project("{FAE04EC0-301F-11D3-BF4B-00C04F79EFBC}") = "ConverterJnt", "..\ConverterJnt\ConverterJnt.csproj", "{03FC5A8F-F2B7-48A5-9871-7E7B33AB3048}"
EndProject
Project("{FAE04EC0-301F-11D3-BF4B-00C04F79EFBC}") = "Files", "..\Files\Files.csproj", "{A92F7726-4185-4B50-866B-2608C790FD92}"
EndProject
Project("{FAE04EC0-301F-11D3-BF4B-00C04F79EFBC}") = "ConverterXML", "..\ConverterXML\ConverterXML.csproj", "{165389E7-414D-49BB-B958-4B521AA1D452}"
EndProject
Project("{FAE04EC0-301F-11D3-BF4B-00C04F79EFBC}") = "Svm", "..\..\Recognition\Svm\Svm\Svm.csproj", "{E880953B-FF08-407B-8617-04E95B36AE84}"
EndProject
Project("{FAE04EC0-301F-11D3-BF4B-00C04F79EFBC}") = "SymbolRec", "..\..\Recognition\SymbolRec\SymbolRec.csproj", "{E96E2B9D-2C80-4961-9ABA-FC1E1B6280F6}"
EndProject
Project("{FAE04EC0-301F-11D3-BF4B-00C04F79EFBC}") = "Metrics", "..\Metrics\Metrics.csproj", "{D4C849D4-0BFC-4602-9E87-F43ADE00A8CA}"
EndProject
Global
	GlobalSection(SolutionConfigurationPlatforms) = preSolution
		Debug|Any CPU = Debug|Any CPU
		Release|Any CPU = Release|Any CPU
	EndGlobalSection
	GlobalSection(ProjectConfigurationPlatforms) = postSolution
		{8CD906CF-07F0-49C0-9464-47D546E14FCF}.Debug|Any CPU.ActiveCfg = Debug|Any CPU
		{8CD906CF-07F0-49C0-9464-47D546E14FCF}.Debug|Any CPU.Build.0 = Debug|Any CPU
		{8CD906CF-07F0-49C0-9464-47D546E14FCF}.Release|Any CPU.ActiveCfg = Release|Any CPU
		{8CD906CF-07F0-49C0-9464-47D546E14FCF}.Release|Any CPU.Build.0 = Release|Any CPU
		{3B43E303-2C6B-452D-ABCC-BE0B94410A63}.Debug|Any CPU.ActiveCfg = Debug|Any CPU
		{3B43E303-2C6B-452D-ABCC-BE0B94410A63}.Debug|Any CPU.Build.0 = Debug|Any CPU
		{3B43E303-2C6B-452D-ABCC-BE0B94410A63}.Release|Any CPU.ActiveCfg = Release|Any CPU
		{3B43E303-2C6B-452D-ABCC-BE0B94410A63}.Release|Any CPU.Build.0 = Release|Any CPU
		{84AE0BC9-B169-4B44-B320-4825D027BD2C}.Debug|Any CPU.ActiveCfg = Debug|Any CPU
		{84AE0BC9-B169-4B44-B320-4825D027BD2C}.Debug|Any CPU.Build.0 = Debug|Any CPU
		{84AE0BC9-B169-4B44-B320-4825D027BD2C}.Release|Any CPU.ActiveCfg = Release|Any CPU
		{84AE0BC9-B169-4B44-B320-4825D027BD2C}.Release|Any CPU.Build.0 = Release|Any CPU
		{03FC5A8F-F2B7-48A5-9871-7E7B33AB3048}.Debug|Any CPU.ActiveCfg = Debug|Any CPU
		{03FC5A8F-F2B7-48A5-9871-7E7B33AB3048}.Debug|Any CPU.Build.0 = Debug|Any CPU
		{03FC5A8F-F2B7-48A5-9871-7E7B33AB3048}.Release|Any CPU.ActiveCfg = Release|Any CPU
		{03FC5A8F-F2B7-48A5-9871-7E7B33AB3048}.Release|Any CPU.Build.0 = Release|Any CPU
		{A92F7726-4185-4B50-866B-2608C790FD92}.Debug|Any CPU.ActiveCfg = Debug|Any CPU
		{A92F7726-4185-4B50-866B-2608C790FD92}.Debug|Any CPU.Build.0 = Debug|Any CPU
		{A92F7726-4185-4B50-866B-2608C790FD92}.Release|Any CPU.ActiveCfg = Release|Any CPU
		{A92F7726-4185-4B50-866B-2608C790FD92}.Release|Any CPU.Build.0 = Release|Any CPU
		{165389E7-414D-49BB-B958-4B521AA1D452}.Debug|Any CPU.ActiveCfg = Debug|Any CPU
		{165389E7-414D-49BB-B958-4B521AA1D452}.Debug|Any CPU.Build.0 = Debug|Any CPU
		{165389E7-414D-49BB-B958-4B521AA1D452}.Release|Any CPU.ActiveCfg = Release|Any CPU
		{165389E7-414D-49BB-B958-4B521AA1D452}.Release|Any CPU.Build.0 = Release|Any CPU
		{E880953B-FF08-407B-8617-04E95B36AE84}.Debug|Any CPU.ActiveCfg = Debug|Any CPU
		{E880953B-FF08-407B-8617-04E95B36AE84}.Debug|Any CPU.Build.0 = Debug|Any CPU
		{E880953B-FF08-407B-8617-04E95B36AE84}.Release|Any CPU.ActiveCfg = Release|Any CPU
		{E880953B-FF08-407B-8617-04E95B36AE84}.Release|Any CPU.Build.0 = Release|Any CPU
		{E96E2B9D-2C80-4961-9ABA-FC1E1B6280F6}.Debug|Any CPU.ActiveCfg = Debug|Any CPU
		{E96E2B9D-2C80-4961-9ABA-FC1E1B6280F6}.Debug|Any CPU.Build.0 = Debug|Any CPU
		{E96E2B9D-2C80-4961-9ABA-FC1E1B6280F6}.Release|Any CPU.ActiveCfg = Release|Any CPU
		{E96E2B9D-2C80-4961-9ABA-FC1E1B6280F6}.Release|Any CPU.Build.0 = Release|Any CPU
		{D4C849D4-0BFC-4602-9E87-F43ADE00A8CA}.Debug|Any CPU.ActiveCfg = Debug|Any CPU
		{D4C849D4-0BFC-4602-9E87-F43ADE00A8CA}.Debug|Any CPU.Build.0 = Debug|Any CPU
		{D4C849D4-0BFC-4602-9E87-F43ADE00A8CA}.Release|Any CPU.ActiveCfg = Release|Any CPU
		{D4C849D4-0BFC-4602-9E87-F43ADE00A8CA}.Release|Any CPU.Build.0 = Release|Any CPU
	EndGlobalSection
	GlobalSection(SolutionProperties) = preSolution
		HideSolutionNode = FALSE
	EndGlobalSection
EndGlobal
