Microsoft Visual Studio Solution File, Format Version 9.00
# Visual Studio 2005
Project("{FAE04EC0-301F-11D3-BF4B-00C04F79EFBC}") = "TestConverter", "TestConverter.csproj", "{EA25FDC4-FDE1-429B-8551-9E20A4C8358E}"
EndProject
Project("{FAE04EC0-301F-11D3-BF4B-00C04F79EFBC}") = "Sketch", "..\Sketch\Sketch.csproj", "{84AE0BC9-B169-4B44-B320-4825D027BD2C}"
EndProject
Project("{FAE04EC0-301F-11D3-BF4B-00C04F79EFBC}") = "statistic", "..\statistic\statistic.csproj", "{1ED6E7B8-B221-4E0F-8921-26BA67F2E968}"
EndProject
Project("{FAE04EC0-301F-11D3-BF4B-00C04F79EFBC}") = "ConverterXML", "..\ConverterXML\ConverterXML.csproj", "{165389E7-414D-49BB-B958-4B521AA1D452}"
EndProject
Project("{FAE04EC0-301F-11D3-BF4B-00C04F79EFBC}") = "Featurefy", "..\..\Recognition\Featurefy\Featurefy.csproj", "{C2043A9A-A7CA-43AC-A4DF-318A32BCB165}"
EndProject
Project("{FAE04EC0-301F-11D3-BF4B-00C04F79EFBC}") = "Grouper", "..\..\Recognition\Grouper\Grouper.csproj", "{7F1BC34C-B893-4C99-8B6A-E1A26115EC80}"
EndProject
Project("{FAE04EC0-301F-11D3-BF4B-00C04F79EFBC}") = "Segment", "..\..\Recognition\Segment\Segment.csproj", "{F8323D9F-F02D-4280-9C7B-16438BFDD92C}"
EndProject
Global
	GlobalSection(SolutionConfigurationPlatforms) = preSolution
		Debug|Any CPU = Debug|Any CPU
		Release|Any CPU = Release|Any CPU
	EndGlobalSection
	GlobalSection(ProjectConfigurationPlatforms) = postSolution
		{EA25FDC4-FDE1-429B-8551-9E20A4C8358E}.Debug|Any CPU.ActiveCfg = Debug|Any CPU
		{EA25FDC4-FDE1-429B-8551-9E20A4C8358E}.Debug|Any CPU.Build.0 = Debug|Any CPU
		{EA25FDC4-FDE1-429B-8551-9E20A4C8358E}.Release|Any CPU.ActiveCfg = Release|Any CPU
		{EA25FDC4-FDE1-429B-8551-9E20A4C8358E}.Release|Any CPU.Build.0 = Release|Any CPU
		{84AE0BC9-B169-4B44-B320-4825D027BD2C}.Debug|Any CPU.ActiveCfg = Debug|Any CPU
		{84AE0BC9-B169-4B44-B320-4825D027BD2C}.Debug|Any CPU.Build.0 = Debug|Any CPU
		{84AE0BC9-B169-4B44-B320-4825D027BD2C}.Release|Any CPU.ActiveCfg = Release|Any CPU
		{84AE0BC9-B169-4B44-B320-4825D027BD2C}.Release|Any CPU.Build.0 = Release|Any CPU
		{1ED6E7B8-B221-4E0F-8921-26BA67F2E968}.Debug|Any CPU.ActiveCfg = Debug|Any CPU
		{1ED6E7B8-B221-4E0F-8921-26BA67F2E968}.Debug|Any CPU.Build.0 = Debug|Any CPU
		{1ED6E7B8-B221-4E0F-8921-26BA67F2E968}.Release|Any CPU.ActiveCfg = Release|Any CPU
		{1ED6E7B8-B221-4E0F-8921-26BA67F2E968}.Release|Any CPU.Build.0 = Release|Any CPU
		{165389E7-414D-49BB-B958-4B521AA1D452}.Debug|Any CPU.ActiveCfg = Debug|Any CPU
		{165389E7-414D-49BB-B958-4B521AA1D452}.Debug|Any CPU.Build.0 = Debug|Any CPU
		{165389E7-414D-49BB-B958-4B521AA1D452}.Release|Any CPU.ActiveCfg = Release|Any CPU
		{165389E7-414D-49BB-B958-4B521AA1D452}.Release|Any CPU.Build.0 = Release|Any CPU
		{C2043A9A-A7CA-43AC-A4DF-318A32BCB165}.Debug|Any CPU.ActiveCfg = Debug|Any CPU
		{C2043A9A-A7CA-43AC-A4DF-318A32BCB165}.Debug|Any CPU.Build.0 = Debug|Any CPU
		{C2043A9A-A7CA-43AC-A4DF-318A32BCB165}.Release|Any CPU.ActiveCfg = Release|Any CPU
		{C2043A9A-A7CA-43AC-A4DF-318A32BCB165}.Release|Any CPU.Build.0 = Release|Any CPU
		{7F1BC34C-B893-4C99-8B6A-E1A26115EC80}.Debug|Any CPU.ActiveCfg = Debug|Any CPU
		{7F1BC34C-B893-4C99-8B6A-E1A26115EC80}.Debug|Any CPU.Build.0 = Debug|Any CPU
		{7F1BC34C-B893-4C99-8B6A-E1A26115EC80}.Release|Any CPU.ActiveCfg = Release|Any CPU
		{7F1BC34C-B893-4C99-8B6A-E1A26115EC80}.Release|Any CPU.Build.0 = Release|Any CPU
		{F8323D9F-F02D-4280-9C7B-16438BFDD92C}.Debug|Any CPU.ActiveCfg = Debug|Any CPU
		{F8323D9F-F02D-4280-9C7B-16438BFDD92C}.Debug|Any CPU.Build.0 = Debug|Any CPU
		{F8323D9F-F02D-4280-9C7B-16438BFDD92C}.Release|Any CPU.ActiveCfg = Release|Any CPU
		{F8323D9F-F02D-4280-9C7B-16438BFDD92C}.Release|Any CPU.Build.0 = Release|Any CPU
	EndGlobalSection
	GlobalSection(SolutionProperties) = preSolution
		HideSolutionNode = FALSE
	EndGlobalSection
EndGlobal
