Microsoft Visual Studio Solution File, Format Version 9.00
# Visual Studio 2005
Project("{FAE04EC0-301F-11D3-BF4B-00C04F79EFBC}") = "UserStudyUI", "UserStudyUI.csproj", "{053E82C4-7309-4A0C-9CC1-1B48E42C4FEE}"
EndProject
Project("{FAE04EC0-301F-11D3-BF4B-00C04F79EFBC}") = "ConverterJnt", "..\..\Util\ConverterJnt\ConverterJnt.csproj", "{03FC5A8F-F2B7-48A5-9871-7E7B33AB3048}"
EndProject
Project("{FAE04EC0-301F-11D3-BF4B-00C04F79EFBC}") = "ConverterXML", "..\..\Util\ConverterXML\ConverterXML.csproj", "{165389E7-414D-49BB-B958-4B521AA1D452}"
EndProject
Project("{FAE04EC0-301F-11D3-BF4B-00C04F79EFBC}") = "Sketch", "..\..\Util\Sketch\Sketch.csproj", "{84AE0BC9-B169-4B44-B320-4825D027BD2C}"
EndProject
Project("{FAE04EC0-301F-11D3-BF4B-00C04F79EFBC}") = "CommandManagement", "..\..\Util\CommandManagement\CommandManagement.csproj", "{50B9CC54-918D-4831-80C4-AA2CA42F57F1}"
EndProject
Project("{FAE04EC0-301F-11D3-BF4B-00C04F79EFBC}") = "Featurefy", "..\..\Recognition\Featurefy\Featurefy.csproj", "{C2043A9A-A7CA-43AC-A4DF-318A32BCB165}"
EndProject
Project("{FAE04EC0-301F-11D3-BF4B-00C04F79EFBC}") = "Fragmenter", "..\..\Recognition\Fragmenter\Fragmenter.csproj", "{3A7258B5-B5D1-4D75-B988-FB47044759F8}"
EndProject
Project("{FAE04EC0-301F-11D3-BF4B-00C04F79EFBC}") = "Labeler", "..\..\Util\Labeler\Labeler.csproj", "{A98A0500-F260-431C-A80E-E77FA66081AD}"
EndProject
Project("{FAE04EC0-301F-11D3-BF4B-00C04F79EFBC}") = "statistic", "..\..\Util\statistic\statistic.csproj", "{1ED6E7B8-B221-4E0F-8921-26BA67F2E968}"
EndProject
Global
	GlobalSection(SolutionConfigurationPlatforms) = preSolution
		Debug|Any CPU = Debug|Any CPU
		Release|Any CPU = Release|Any CPU
	EndGlobalSection
	GlobalSection(ProjectConfigurationPlatforms) = postSolution
		{053E82C4-7309-4A0C-9CC1-1B48E42C4FEE}.Debug|Any CPU.ActiveCfg = Debug|Any CPU
		{053E82C4-7309-4A0C-9CC1-1B48E42C4FEE}.Debug|Any CPU.Build.0 = Debug|Any CPU
		{053E82C4-7309-4A0C-9CC1-1B48E42C4FEE}.Release|Any CPU.ActiveCfg = Release|Any CPU
		{053E82C4-7309-4A0C-9CC1-1B48E42C4FEE}.Release|Any CPU.Build.0 = Release|Any CPU
		{03FC5A8F-F2B7-48A5-9871-7E7B33AB3048}.Debug|Any CPU.ActiveCfg = Debug|Any CPU
		{03FC5A8F-F2B7-48A5-9871-7E7B33AB3048}.Debug|Any CPU.Build.0 = Debug|Any CPU
		{03FC5A8F-F2B7-48A5-9871-7E7B33AB3048}.Release|Any CPU.ActiveCfg = Release|Any CPU
		{03FC5A8F-F2B7-48A5-9871-7E7B33AB3048}.Release|Any CPU.Build.0 = Release|Any CPU
		{165389E7-414D-49BB-B958-4B521AA1D452}.Debug|Any CPU.ActiveCfg = Debug|Any CPU
		{165389E7-414D-49BB-B958-4B521AA1D452}.Debug|Any CPU.Build.0 = Debug|Any CPU
		{165389E7-414D-49BB-B958-4B521AA1D452}.Release|Any CPU.ActiveCfg = Release|Any CPU
		{165389E7-414D-49BB-B958-4B521AA1D452}.Release|Any CPU.Build.0 = Release|Any CPU
		{84AE0BC9-B169-4B44-B320-4825D027BD2C}.Debug|Any CPU.ActiveCfg = Debug|Any CPU
		{84AE0BC9-B169-4B44-B320-4825D027BD2C}.Debug|Any CPU.Build.0 = Debug|Any CPU
		{84AE0BC9-B169-4B44-B320-4825D027BD2C}.Release|Any CPU.ActiveCfg = Release|Any CPU
		{84AE0BC9-B169-4B44-B320-4825D027BD2C}.Release|Any CPU.Build.0 = Release|Any CPU
		{50B9CC54-918D-4831-80C4-AA2CA42F57F1}.Debug|Any CPU.ActiveCfg = Debug|Any CPU
		{50B9CC54-918D-4831-80C4-AA2CA42F57F1}.Debug|Any CPU.Build.0 = Debug|Any CPU
		{50B9CC54-918D-4831-80C4-AA2CA42F57F1}.Release|Any CPU.ActiveCfg = Release|Any CPU
		{50B9CC54-918D-4831-80C4-AA2CA42F57F1}.Release|Any CPU.Build.0 = Release|Any CPU
		{C2043A9A-A7CA-43AC-A4DF-318A32BCB165}.Debug|Any CPU.ActiveCfg = Debug|Any CPU
		{C2043A9A-A7CA-43AC-A4DF-318A32BCB165}.Debug|Any CPU.Build.0 = Debug|Any CPU
		{C2043A9A-A7CA-43AC-A4DF-318A32BCB165}.Release|Any CPU.ActiveCfg = Release|Any CPU
		{C2043A9A-A7CA-43AC-A4DF-318A32BCB165}.Release|Any CPU.Build.0 = Release|Any CPU
		{3A7258B5-B5D1-4D75-B988-FB47044759F8}.Debug|Any CPU.ActiveCfg = Debug|Any CPU
		{3A7258B5-B5D1-4D75-B988-FB47044759F8}.Debug|Any CPU.Build.0 = Debug|Any CPU
		{3A7258B5-B5D1-4D75-B988-FB47044759F8}.Release|Any CPU.ActiveCfg = Release|Any CPU
		{3A7258B5-B5D1-4D75-B988-FB47044759F8}.Release|Any CPU.Build.0 = Release|Any CPU
		{A98A0500-F260-431C-A80E-E77FA66081AD}.Debug|Any CPU.ActiveCfg = Debug|Any CPU
		{A98A0500-F260-431C-A80E-E77FA66081AD}.Debug|Any CPU.Build.0 = Debug|Any CPU
		{A98A0500-F260-431C-A80E-E77FA66081AD}.Release|Any CPU.ActiveCfg = Release|Any CPU
		{A98A0500-F260-431C-A80E-E77FA66081AD}.Release|Any CPU.Build.0 = Release|Any CPU
		{1ED6E7B8-B221-4E0F-8921-26BA67F2E968}.Debug|Any CPU.ActiveCfg = Debug|Any CPU
		{1ED6E7B8-B221-4E0F-8921-26BA67F2E968}.Debug|Any CPU.Build.0 = Debug|Any CPU
		{1ED6E7B8-B221-4E0F-8921-26BA67F2E968}.Release|Any CPU.ActiveCfg = Release|Any CPU
		{1ED6E7B8-B221-4E0F-8921-26BA67F2E968}.Release|Any CPU.Build.0 = Release|Any CPU
	EndGlobalSection
	GlobalSection(SolutionProperties) = preSolution
		HideSolutionNode = FALSE
	EndGlobalSection
EndGlobal
