
Microsoft Visual Studio Solution File, Format Version 11.00
# Visual Studio 2010
Project("{FAE04EC0-301F-11D3-BF4B-00C04F79EFBC}") = "TrainRecognizers", "TrainRecognizers.csproj", "{9AD6DEE8-5E80-4F85-B01A-B76A46FD23C8}"
EndProject
Project("{FAE04EC0-301F-11D3-BF4B-00C04F79EFBC}") = "Utilities", "..\Utilities\Utilities\Utilities.csproj", "{7C9A72A3-E426-4312-9F31-AE340B0EF4C8}"
EndProject
Project("{FAE04EC0-301F-11D3-BF4B-00C04F79EFBC}") = "Sketch", "..\Sketch\Sketch.csproj", "{84AE0BC9-B169-4B44-B320-4825D027BD2C}"
EndProject
Project("{FAE04EC0-301F-11D3-BF4B-00C04F79EFBC}") = "Recognizers", "..\..\Recognition\Recognizers\Recognizers.csproj", "{8B3A372B-E76E-4848-BE61-1D4436AC06AB}"
EndProject
Project("{FAE04EC0-301F-11D3-BF4B-00C04F79EFBC}") = "RecognitionInterfaces", "..\..\Recognition\RecognitionInterfaces\RecognitionInterfaces.csproj", "{DA253AC5-6929-4664-A435-E0C543A5B630}"
EndProject
Project("{FAE04EC0-301F-11D3-BF4B-00C04F79EFBC}") = "Featurefy", "..\..\Recognition\Featurefy\Featurefy.csproj", "{C2043A9A-A7CA-43AC-A4DF-318A32BCB165}"
EndProject
Project("{FAE04EC0-301F-11D3-BF4B-00C04F79EFBC}") = "ContextDomain", "..\ContextDomain\ContextDomain.csproj", "{6D8F9DFC-CAD5-4ECE-B2DC-CE143F302E64}"
EndProject
Project("{FAE04EC0-301F-11D3-BF4B-00C04F79EFBC}") = "Files", "..\Files\Files.csproj", "{A92F7726-4185-4B50-866B-2608C790FD92}"
EndProject
Project("{FAE04EC0-301F-11D3-BF4B-00C04F79EFBC}") = "statistic", "..\statistic\statistic.csproj", "{1ED6E7B8-B221-4E0F-8921-26BA67F2E968}"
EndProject
Project("{FAE04EC0-301F-11D3-BF4B-00C04F79EFBC}") = "ConverterXML", "..\ConverterXML\ConverterXML.csproj", "{165389E7-414D-49BB-B958-4B521AA1D452}"
EndProject
Project("{FAE04EC0-301F-11D3-BF4B-00C04F79EFBC}") = "Domain", "..\Domain\Domain.csproj", "{970AB499-303C-41FF-A09E-AB8EE7B42DE2}"
EndProject
Project("{FAE04EC0-301F-11D3-BF4B-00C04F79EFBC}") = "Iridium", "..\MathNet.Iridium-2008.4.14.425\Sources\Library\Iridium.csproj", "{26FC15DE-EFDA-403A-8284-1E2A4AE8A9D8}"
EndProject
Project("{FAE04EC0-301F-11D3-BF4B-00C04F79EFBC}") = "Metrics", "..\Metrics\Metrics.csproj", "{D4C849D4-0BFC-4602-9E87-F43ADE00A8CA}"
EndProject
Project("{FAE04EC0-301F-11D3-BF4B-00C04F79EFBC}") = "CircuitSimLib", "..\CircuitSimLib\CircuitSimLib\CircuitSimLib.csproj", "{E7695FEC-151B-4B07-A553-9A1125053F8A}"
EndProject
Global
	GlobalSection(SolutionConfigurationPlatforms) = preSolution
		Debug|Any CPU = Debug|Any CPU
		Debug|x64 = Debug|x64
		Release|Any CPU = Release|Any CPU
		Release|x64 = Release|x64
	EndGlobalSection
	GlobalSection(ProjectConfigurationPlatforms) = postSolution
		{9AD6DEE8-5E80-4F85-B01A-B76A46FD23C8}.Debug|Any CPU.ActiveCfg = Debug|Any CPU
		{9AD6DEE8-5E80-4F85-B01A-B76A46FD23C8}.Debug|Any CPU.Build.0 = Debug|Any CPU
		{9AD6DEE8-5E80-4F85-B01A-B76A46FD23C8}.Debug|x64.ActiveCfg = Debug|Any CPU
		{9AD6DEE8-5E80-4F85-B01A-B76A46FD23C8}.Release|Any CPU.ActiveCfg = Release|Any CPU
		{9AD6DEE8-5E80-4F85-B01A-B76A46FD23C8}.Release|Any CPU.Build.0 = Release|Any CPU
		{9AD6DEE8-5E80-4F85-B01A-B76A46FD23C8}.Release|x64.ActiveCfg = Release|Any CPU
		{7C9A72A3-E426-4312-9F31-AE340B0EF4C8}.Debug|Any CPU.ActiveCfg = Debug|Any CPU
		{7C9A72A3-E426-4312-9F31-AE340B0EF4C8}.Debug|Any CPU.Build.0 = Debug|Any CPU
		{7C9A72A3-E426-4312-9F31-AE340B0EF4C8}.Debug|x64.ActiveCfg = Debug|x64
		{7C9A72A3-E426-4312-9F31-AE340B0EF4C8}.Debug|x64.Build.0 = Debug|x64
		{7C9A72A3-E426-4312-9F31-AE340B0EF4C8}.Release|Any CPU.ActiveCfg = Release|Any CPU
		{7C9A72A3-E426-4312-9F31-AE340B0EF4C8}.Release|Any CPU.Build.0 = Release|Any CPU
		{7C9A72A3-E426-4312-9F31-AE340B0EF4C8}.Release|x64.ActiveCfg = Release|x64
		{7C9A72A3-E426-4312-9F31-AE340B0EF4C8}.Release|x64.Build.0 = Release|x64
		{84AE0BC9-B169-4B44-B320-4825D027BD2C}.Debug|Any CPU.ActiveCfg = Debug|Any CPU
		{84AE0BC9-B169-4B44-B320-4825D027BD2C}.Debug|Any CPU.Build.0 = Debug|Any CPU
		{84AE0BC9-B169-4B44-B320-4825D027BD2C}.Debug|x64.ActiveCfg = Debug|Any CPU
		{84AE0BC9-B169-4B44-B320-4825D027BD2C}.Release|Any CPU.ActiveCfg = Release|Any CPU
		{84AE0BC9-B169-4B44-B320-4825D027BD2C}.Release|Any CPU.Build.0 = Release|Any CPU
		{84AE0BC9-B169-4B44-B320-4825D027BD2C}.Release|x64.ActiveCfg = Release|Any CPU
		{8B3A372B-E76E-4848-BE61-1D4436AC06AB}.Debug|Any CPU.ActiveCfg = Debug|Any CPU
		{8B3A372B-E76E-4848-BE61-1D4436AC06AB}.Debug|Any CPU.Build.0 = Debug|Any CPU
		{8B3A372B-E76E-4848-BE61-1D4436AC06AB}.Debug|x64.ActiveCfg = Debug|Any CPU
		{8B3A372B-E76E-4848-BE61-1D4436AC06AB}.Release|Any CPU.ActiveCfg = Release|Any CPU
		{8B3A372B-E76E-4848-BE61-1D4436AC06AB}.Release|Any CPU.Build.0 = Release|Any CPU
		{8B3A372B-E76E-4848-BE61-1D4436AC06AB}.Release|x64.ActiveCfg = Release|Any CPU
		{DA253AC5-6929-4664-A435-E0C543A5B630}.Debug|Any CPU.ActiveCfg = Debug|Any CPU
		{DA253AC5-6929-4664-A435-E0C543A5B630}.Debug|Any CPU.Build.0 = Debug|Any CPU
		{DA253AC5-6929-4664-A435-E0C543A5B630}.Debug|x64.ActiveCfg = Debug|Any CPU
		{DA253AC5-6929-4664-A435-E0C543A5B630}.Release|Any CPU.ActiveCfg = Release|Any CPU
		{DA253AC5-6929-4664-A435-E0C543A5B630}.Release|Any CPU.Build.0 = Release|Any CPU
		{DA253AC5-6929-4664-A435-E0C543A5B630}.Release|x64.ActiveCfg = Release|Any CPU
		{C2043A9A-A7CA-43AC-A4DF-318A32BCB165}.Debug|Any CPU.ActiveCfg = Debug|Any CPU
		{C2043A9A-A7CA-43AC-A4DF-318A32BCB165}.Debug|Any CPU.Build.0 = Debug|Any CPU
		{C2043A9A-A7CA-43AC-A4DF-318A32BCB165}.Debug|x64.ActiveCfg = Debug|Any CPU
		{C2043A9A-A7CA-43AC-A4DF-318A32BCB165}.Release|Any CPU.ActiveCfg = Release|Any CPU
		{C2043A9A-A7CA-43AC-A4DF-318A32BCB165}.Release|Any CPU.Build.0 = Release|Any CPU
		{C2043A9A-A7CA-43AC-A4DF-318A32BCB165}.Release|x64.ActiveCfg = Release|Any CPU
		{6D8F9DFC-CAD5-4ECE-B2DC-CE143F302E64}.Debug|Any CPU.ActiveCfg = Debug|Any CPU
		{6D8F9DFC-CAD5-4ECE-B2DC-CE143F302E64}.Debug|Any CPU.Build.0 = Debug|Any CPU
		{6D8F9DFC-CAD5-4ECE-B2DC-CE143F302E64}.Debug|x64.ActiveCfg = Debug|Any CPU
		{6D8F9DFC-CAD5-4ECE-B2DC-CE143F302E64}.Release|Any CPU.ActiveCfg = Release|Any CPU
		{6D8F9DFC-CAD5-4ECE-B2DC-CE143F302E64}.Release|Any CPU.Build.0 = Release|Any CPU
		{6D8F9DFC-CAD5-4ECE-B2DC-CE143F302E64}.Release|x64.ActiveCfg = Release|Any CPU
		{A92F7726-4185-4B50-866B-2608C790FD92}.Debug|Any CPU.ActiveCfg = Debug|Any CPU
		{A92F7726-4185-4B50-866B-2608C790FD92}.Debug|Any CPU.Build.0 = Debug|Any CPU
		{A92F7726-4185-4B50-866B-2608C790FD92}.Debug|x64.ActiveCfg = Debug|Any CPU
		{A92F7726-4185-4B50-866B-2608C790FD92}.Release|Any CPU.ActiveCfg = Release|Any CPU
		{A92F7726-4185-4B50-866B-2608C790FD92}.Release|Any CPU.Build.0 = Release|Any CPU
		{A92F7726-4185-4B50-866B-2608C790FD92}.Release|x64.ActiveCfg = Release|Any CPU
		{1ED6E7B8-B221-4E0F-8921-26BA67F2E968}.Debug|Any CPU.ActiveCfg = Debug|Any CPU
		{1ED6E7B8-B221-4E0F-8921-26BA67F2E968}.Debug|Any CPU.Build.0 = Debug|Any CPU
		{1ED6E7B8-B221-4E0F-8921-26BA67F2E968}.Debug|x64.ActiveCfg = Debug|Any CPU
		{1ED6E7B8-B221-4E0F-8921-26BA67F2E968}.Release|Any CPU.ActiveCfg = Release|Any CPU
		{1ED6E7B8-B221-4E0F-8921-26BA67F2E968}.Release|Any CPU.Build.0 = Release|Any CPU
		{1ED6E7B8-B221-4E0F-8921-26BA67F2E968}.Release|x64.ActiveCfg = Release|Any CPU
		{165389E7-414D-49BB-B958-4B521AA1D452}.Debug|Any CPU.ActiveCfg = Debug|Any CPU
		{165389E7-414D-49BB-B958-4B521AA1D452}.Debug|Any CPU.Build.0 = Debug|Any CPU
		{165389E7-414D-49BB-B958-4B521AA1D452}.Debug|x64.ActiveCfg = Debug|Any CPU
		{165389E7-414D-49BB-B958-4B521AA1D452}.Release|Any CPU.ActiveCfg = Release|Any CPU
		{165389E7-414D-49BB-B958-4B521AA1D452}.Release|Any CPU.Build.0 = Release|Any CPU
		{165389E7-414D-49BB-B958-4B521AA1D452}.Release|x64.ActiveCfg = Release|Any CPU
		{970AB499-303C-41FF-A09E-AB8EE7B42DE2}.Debug|Any CPU.ActiveCfg = Debug|Any CPU
		{970AB499-303C-41FF-A09E-AB8EE7B42DE2}.Debug|Any CPU.Build.0 = Debug|Any CPU
		{970AB499-303C-41FF-A09E-AB8EE7B42DE2}.Debug|x64.ActiveCfg = Debug|Any CPU
		{970AB499-303C-41FF-A09E-AB8EE7B42DE2}.Release|Any CPU.ActiveCfg = Release|Any CPU
		{970AB499-303C-41FF-A09E-AB8EE7B42DE2}.Release|Any CPU.Build.0 = Release|Any CPU
		{970AB499-303C-41FF-A09E-AB8EE7B42DE2}.Release|x64.ActiveCfg = Release|Any CPU
		{26FC15DE-EFDA-403A-8284-1E2A4AE8A9D8}.Debug|Any CPU.ActiveCfg = Debug|Any CPU
		{26FC15DE-EFDA-403A-8284-1E2A4AE8A9D8}.Debug|Any CPU.Build.0 = Debug|Any CPU
		{26FC15DE-EFDA-403A-8284-1E2A4AE8A9D8}.Debug|x64.ActiveCfg = Debug|Any CPU
		{26FC15DE-EFDA-403A-8284-1E2A4AE8A9D8}.Release|Any CPU.ActiveCfg = Release|Any CPU
		{26FC15DE-EFDA-403A-8284-1E2A4AE8A9D8}.Release|Any CPU.Build.0 = Release|Any CPU
		{26FC15DE-EFDA-403A-8284-1E2A4AE8A9D8}.Release|x64.ActiveCfg = Release|Any CPU
		{D4C849D4-0BFC-4602-9E87-F43ADE00A8CA}.Debug|Any CPU.ActiveCfg = Debug|Any CPU
		{D4C849D4-0BFC-4602-9E87-F43ADE00A8CA}.Debug|Any CPU.Build.0 = Debug|Any CPU
		{D4C849D4-0BFC-4602-9E87-F43ADE00A8CA}.Debug|x64.ActiveCfg = Debug|Any CPU
		{D4C849D4-0BFC-4602-9E87-F43ADE00A8CA}.Release|Any CPU.ActiveCfg = Release|Any CPU
		{D4C849D4-0BFC-4602-9E87-F43ADE00A8CA}.Release|Any CPU.Build.0 = Release|Any CPU
		{D4C849D4-0BFC-4602-9E87-F43ADE00A8CA}.Release|x64.ActiveCfg = Release|Any CPU
		{E7695FEC-151B-4B07-A553-9A1125053F8A}.Debug|Any CPU.ActiveCfg = Debug|Any CPU
		{E7695FEC-151B-4B07-A553-9A1125053F8A}.Debug|Any CPU.Build.0 = Debug|Any CPU
		{E7695FEC-151B-4B07-A553-9A1125053F8A}.Debug|x64.ActiveCfg = Debug|Any CPU
		{E7695FEC-151B-4B07-A553-9A1125053F8A}.Release|Any CPU.ActiveCfg = Release|Any CPU
		{E7695FEC-151B-4B07-A553-9A1125053F8A}.Release|Any CPU.Build.0 = Release|Any CPU
		{E7695FEC-151B-4B07-A553-9A1125053F8A}.Release|x64.ActiveCfg = Release|Any CPU
	EndGlobalSection
	GlobalSection(SolutionProperties) = preSolution
		HideSolutionNode = FALSE
	EndGlobalSection
EndGlobal
